PODS:
  - ADUtils (11.2.0):
    - ADUtils/objc (= 11.2.0)
  - ADUtils/objc (11.2.0):
    - ADUtils/Swift
  - ADUtils/Security (11.2.0)
  - ADUtils/Swift (11.2.0)
  - iOSSnapshotTestCase (6.2.0):
    - iOSSnapshotTestCase/SwiftSupport (= 6.2.0)
  - iOSSnapshotTestCase/Core (6.2.0)
  - iOSSnapshotTestCase/SwiftSupport (6.2.0):
    - iOSSnapshotTestCase/Core
  - Nimble (9.2.0)
  - Nimble-Snapshots (9.1.0):
    - Nimble-Snapshots/Core (= 9.1.0)
  - Nimble-Snapshots/Core (9.1.0):
    - iOSSnapshotTestCase (~> 6.0)
    - Nimble
  - OCMock (3.5)
  - Quick (2.2.0)
  - SwiftLint (0.42.0)

DEPENDENCIES:
  - ADUtils (from `./`)
  - ADUtils/Security (from `./`)
  - Nimble (~> 9.0)
  - Nimble-Snapshots (~> 9.0)
  - OCMock (~> 3.5)
  - Quick (~> 2.2)
  - SwiftLint (~> 0.42.0)

SPEC REPOS:
  trunk:
    - iOSSnapshotTestCase
    - Nimble
    - Nimble-Snapshots
    - OCMock
    - Quick
    - SwiftLint

EXTERNAL SOURCES:
  ADUtils:
    :path: "./"

SPEC CHECKSUMS:
  ADUtils: fdcf3570b113a9af2aec12f3f0bcaec6b43954d9
  iOSSnapshotTestCase: 9ab44cb5aa62b84d31847f40680112e15ec579a6
  Nimble: 4f4a345c80b503b3ea13606a4f98405974ee4d0b
  Nimble-Snapshots: 6605431525245f967ca9d558bb12a49da3d040e3
  OCMock: 4ab4577fc941af31f4a0398f6e7e230cf21fc72a
  Quick: 7fb19e13be07b5dfb3b90d4f9824c855a11af40e
  SwiftLint: 4fa9579c63416865179bc416f0a92d55f009600d

PODFILE CHECKSUM: 3cf2c694de5c0cc124d08acbf30eda6dbebd3df1

COCOAPODS: 1.10.0
