PODS:
  - ADUtils (10.0.0):
    - ADUtils/objc (= 10.0.0)
  - ADUtils/objc (10.0.0):
    - ADUtils/Swift
  - ADUtils/Swift (10.0.0)
  - iOSSnapshotTestCase (5.0.2):
    - iOSSnapshotTestCase/SwiftSupport (= 5.0.2)
  - iOSSnapshotTestCase/Core (5.0.2)
  - iOSSnapshotTestCase/SwiftSupport (5.0.2):
    - iOSSnapshotTestCase/Core
  - Nimble (7.3.4)
  - Nimble-Snapshots (6.9.1):
    - Nimble-Snapshots/Core (= 6.9.1)
  - Nimble-Snapshots/Core (6.9.1):
    - iOSSnapshotTestCase (~> 5.0)
    - Nimble (~> 7.0)
  - OCMock (3.4.3)
  - Quick (2.0.0)

DEPENDENCIES:
  - ADUtils (from `./`)
  - Nimble (~> 7.0)
  - Nimble-Snapshots (~> 6.9)
  - OCMock (~> 3.4)
  - Quick (~> 2.0)

SPEC REPOS:
  https://github.com/cocoapods/specs.git:
    - iOSSnapshotTestCase
    - Nimble
    - Nimble-Snapshots
    - OCMock
    - Quick

EXTERNAL SOURCES:
  ADUtils:
    :path: "./"

SPEC CHECKSUMS:
  ADUtils: 590ba19c961444087775bf7ebb48e0cfaa364ff5
  iOSSnapshotTestCase: 2d51aa06775e95cecb0a1fb9c5c159ccd1dd4596
  Nimble: 051e3d8912d40138fa5591c78594f95fb172af37
  Nimble-Snapshots: bbd1ab264bacc24a9ce24a8363bc05aac783aeb0
  OCMock: 43565190abc78977ad44a61c0d20d7f0784d35ab
  Quick: ce1276c7c27ba2da3cb2fd0cde053c3648b3b22d

PODFILE CHECKSUM: 1ef7c9b521add84317a6e3dad84f32dad8fb006c

COCOAPODS: 1.6.1
