// !$*UTF8*$!
{
	archiveVersion = 1;
	classes = {
	};
	objectVersion = 46;
	objects = {

/* Begin PBXBuildFile section */
		0C8CFF10242B69BA0009FA88 /* AutoSizingCollectionView.swift in Sources */ = {isa = PBXBuildFile; fileRef = 0C8CFF0F242B69BA0009FA88 /* AutoSizingCollectionView.swift */; };
		0C8CFF12242B6A510009FA88 /* SimpleAutoSizingCollectionView.swift in Sources */ = {isa = PBXBuildFile; fileRef = 0C8CFF11242B6A510009FA88 /* SimpleAutoSizingCollectionView.swift */; };
		2A6E273122B2834500B31F40 /* MKMapViewDequeuingTest.swift in Sources */ = {isa = PBXBuildFile; fileRef = 2A6E273022B2834500B31F40 /* MKMapViewDequeuingTest.swift */; };
		42CDDA9C8179B9F9824C64F2 /* Pods_ADUtilsApp.framework in Frameworks */ = {isa = PBXBuildFile; fileRef = 28EFE73855C87585926C10E6 /* Pods_ADUtilsApp.framework */; };
		47E17214F9A4009CF12359D7 /* Pods_ADUtilsTests.framework in Frameworks */ = {isa = PBXBuildFile; fileRef = D06C6332AC4E8FBA4930E980 /* Pods_ADUtilsTests.framework */; };
		491BC3C323C47D29001A3B82 /* StackViewUtilsTests.swift in Sources */ = {isa = PBXBuildFile; fileRef = 491BC3C223C47D29001A3B82 /* StackViewUtilsTests.swift */; };
		494C99852601FA5A00A1E098 /* StackViewBuilderTests.swift in Sources */ = {isa = PBXBuildFile; fileRef = 494C99842601FA5A00A1E098 /* StackViewBuilderTests.swift */; };
		495682D725DAD8EC00001624 /* UIImageColorTests.swift in Sources */ = {isa = PBXBuildFile; fileRef = 495682D625DAD8EC00001624 /* UIImageColorTests.swift */; };
		495682EF25DBA8F800001624 /* UIButtonBackgroundColorTests.swift in Sources */ = {isa = PBXBuildFile; fileRef = 495682EE25DBA8F800001624 /* UIButtonBackgroundColorTests.swift */; };
		496EB3BD246003EA0011B4AD /* NavigationControllerPopCompletionTests.swift in Sources */ = {isa = PBXBuildFile; fileRef = 496EB3BC246003EA0011B4AD /* NavigationControllerPopCompletionTests.swift */; };
		496EB3C1246008E80011B4AD /* UITableViewHeaderFooterViewLayoutTests.swift in Sources */ = {isa = PBXBuildFile; fileRef = 496EB3C0246008E80011B4AD /* UITableViewHeaderFooterViewLayoutTests.swift */; };
		4988CBBA21592CAB003A3C08 /* SequenceGroupedByTests.swift in Sources */ = {isa = PBXBuildFile; fileRef = 4988CBB921592CAB003A3C08 /* SequenceGroupedByTests.swift */; };
		4988CBBE215931B4003A3C08 /* OptionalStringIsBlankTests.swift in Sources */ = {isa = PBXBuildFile; fileRef = 4988CBBD215931B4003A3C08 /* OptionalStringIsBlankTests.swift */; };
		49BA42C72167B8BE00578C48 /* LayoutGuideConstraintsTests.swift in Sources */ = {isa = PBXBuildFile; fileRef = 49BA42C62167B8BE00578C48 /* LayoutGuideConstraintsTests.swift */; };
		49CC380120C048F800CFEDDB /* ArrayFilterTests.swift in Sources */ = {isa = PBXBuildFile; fileRef = 49CC380020C048F800CFEDDB /* ArrayFilterTests.swift */; };
		49CEC4A51EFA484900675EC4 /* NavigationControllerObserverTest.swift in Sources */ = {isa = PBXBuildFile; fileRef = 49CEC4A41EFA484900675EC4 /* NavigationControllerObserverTest.swift */; };
		49D1F132216C968E009F87AB /* ADViewLayoutTestsObjc.m in Sources */ = {isa = PBXBuildFile; fileRef = 49D1F131216C968E009F87AB /* ADViewLayoutTestsObjc.m */; };
		49D1F134216CCEF4009F87AB /* ADViewLayoutGuideTestsObjc.m in Sources */ = {isa = PBXBuildFile; fileRef = 49D1F133216CCEF4009F87AB /* ADViewLayoutGuideTestsObjc.m */; };
		49D85E021E1E6F5300233A3F /* PropertyListArchiverTest.swift in Sources */ = {isa = PBXBuildFile; fileRef = 49D85E011E1E6F5300233A3F /* PropertyListArchiverTest.swift */; };
		49EE98A21DE5F2DC00DE1CB8 /* UIEdgeInsetsTest.swift in Sources */ = {isa = PBXBuildFile; fileRef = 49EE98A11DE5F2DC00DE1CB8 /* UIEdgeInsetsTest.swift */; };
		49EE98A41DE6CAE100DE1CB8 /* RegisterableViewTest.swift in Sources */ = {isa = PBXBuildFile; fileRef = 49EE98A31DE6CAE100DE1CB8 /* RegisterableViewTest.swift */; };
		49F0F20D2162095F00FC8AA4 /* SynchronizeTests.swift in Sources */ = {isa = PBXBuildFile; fileRef = 49F0F20C2162095F00FC8AA4 /* SynchronizeTests.swift */; };
		49F0F20F21621EB300FC8AA4 /* DeselectableViewTests.swift in Sources */ = {isa = PBXBuildFile; fileRef = 49F0F20E21621EB300FC8AA4 /* DeselectableViewTests.swift */; };
		49F0F21121625E7000FC8AA4 /* StringLocalizationTests.swift in Sources */ = {isa = PBXBuildFile; fileRef = 49F0F21021625E7000FC8AA4 /* StringLocalizationTests.swift */; };
		49F0F23421637A1E00FC8AA4 /* NibCollectionViewCell.xib in Resources */ = {isa = PBXBuildFile; fileRef = 49F0F23321637A1E00FC8AA4 /* NibCollectionViewCell.xib */; };
		49F0F23621637ADD00FC8AA4 /* NibTableViewCell.xib in Resources */ = {isa = PBXBuildFile; fileRef = 49F0F23521637ADD00FC8AA4 /* NibTableViewCell.xib */; };
		49F0F23821639D6900FC8AA4 /* NibTableHeaderView.xib in Resources */ = {isa = PBXBuildFile; fileRef = 49F0F23721639D6900FC8AA4 /* NibTableHeaderView.xib */; };
		4AE8A6D323F563F300ABE095 /* DebouncedTests.swift in Sources */ = {isa = PBXBuildFile; fileRef = 4AE8A6D223F563F300ABE095 /* DebouncedTests.swift */; };
		57397F7D24CAD105001C6F2E /* LocaleUserPreferredTimeFormatTests.swift in Sources */ = {isa = PBXBuildFile; fileRef = 57397F7C24CAD105001C6F2E /* LocaleUserPreferredTimeFormatTests.swift */; };
		57C59D681BB1478A003798DF /* Images.xcassets in Resources */ = {isa = PBXBuildFile; fileRef = 57C59D671BB1478A003798DF /* Images.xcassets */; };
		57C59D6A1BB1486B003798DF /* LaunchScreen.storyboard in Resources */ = {isa = PBXBuildFile; fileRef = 57C59D691BB1486B003798DF /* LaunchScreen.storyboard */; };
		57E1CD281C884F1C00A7DFFB /* ViewController.swift in Sources */ = {isa = PBXBuildFile; fileRef = 57E1CD271C884F1C00A7DFFB /* ViewController.swift */; };
		57E1CD491C884F8900A7DFFB /* AppDelegate.swift in Sources */ = {isa = PBXBuildFile; fileRef = 57E1CD481C884F8900A7DFFB /* AppDelegate.swift */; };
		57F7ECC41BB0042D0095AEEC /* Localizable.strings in Resources */ = {isa = PBXBuildFile; fileRef = 57F7ECC31BB0042D0095AEEC /* Localizable.strings */; };
		57F7ECC61BB004510095AEEC /* InfoPlist.strings in Resources */ = {isa = PBXBuildFile; fileRef = 57F7ECC51BB004500095AEEC /* InfoPlist.strings */; };
		7A0EC6541535D8ED00E5F54A /* UIKit.framework in Frameworks */ = {isa = PBXBuildFile; fileRef = 7A0EC6531535D8ED00E5F54A /* UIKit.framework */; };
		7A0EC6561535D8ED00E5F54A /* Foundation.framework in Frameworks */ = {isa = PBXBuildFile; fileRef = 7A0EC6551535D8ED00E5F54A /* Foundation.framework */; };
		7A0EC6581535D8ED00E5F54A /* CoreGraphics.framework in Frameworks */ = {isa = PBXBuildFile; fileRef = 7A0EC6571535D8ED00E5F54A /* CoreGraphics.framework */; };
		87BC46DD257E92FD008FB5A9 /* OptionalVerifyOrNilTests.swift in Sources */ = {isa = PBXBuildFile; fileRef = 87BC46DC257E92FD008FB5A9 /* OptionalVerifyOrNilTests.swift */; };
		87C139C32695EFBA00CEE5A1 /* PostInstallationKeychainCleanerTests.swift in Sources */ = {isa = PBXBuildFile; fileRef = 87C139C22695EFBA00CEE5A1 /* PostInstallationKeychainCleanerTests.swift */; };
		87F2D42121020D8E0004465B /* TestView.swift in Sources */ = {isa = PBXBuildFile; fileRef = 87F2D42021020D8E0004465B /* TestView.swift */; };
		921907DF21F7AE4400EF2B67 /* ADLayoutGuideTestsObjc.m in Sources */ = {isa = PBXBuildFile; fileRef = 921907DE21F7AE4400EF2B67 /* ADLayoutGuideTestsObjc.m */; };
		92DA1F5F2257556800060A32 /* NSLayoutConstraintUtilsTests.swift in Sources */ = {isa = PBXBuildFile; fileRef = 92DA1F5E2257556800060A32 /* NSLayoutConstraintUtilsTests.swift */; };
		92FAEA942271DF0D0090A2C7 /* FailableDecodableTests.swift in Sources */ = {isa = PBXBuildFile; fileRef = 92FAEA932271DF0D0090A2C7 /* FailableDecodableTests.swift */; };
		B0E1495F269444E600712620 /* SecureArchiverTests.swift in Sources */ = {isa = PBXBuildFile; fileRef = B0E1495E269444E600712620 /* SecureArchiverTests.swift */; };
		E7D5F497242DED3C0048C0DC /* OptionalGetTests.swift in Sources */ = {isa = PBXBuildFile; fileRef = E7D5F496242DED3C0048C0DC /* OptionalGetTests.swift */; };
		E7D5F499242DEF120048C0DC /* UINavigationItemBackItemTests.swift in Sources */ = {isa = PBXBuildFile; fileRef = E7D5F498242DEF120048C0DC /* UINavigationItemBackItemTests.swift */; };
		E7D5F49B242DF01F0048C0DC /* UIScreenPixelDimensionTests.swift in Sources */ = {isa = PBXBuildFile; fileRef = E7D5F49A242DF01F0048C0DC /* UIScreenPixelDimensionTests.swift */; };
		E7D5F49D242DF0D90048C0DC /* UITableViewDefaultFooterCellsTests.swift in Sources */ = {isa = PBXBuildFile; fileRef = E7D5F49C242DF0D90048C0DC /* UITableViewDefaultFooterCellsTests.swift */; };
		E7F92DA81FFBD9B200A85AB4 /* GeometryUtilitiesTest.swift in Sources */ = {isa = PBXBuildFile; fileRef = E7F92DA71FFBD9B200A85AB4 /* GeometryUtilitiesTest.swift */; };
		EC368BC41EDF13DA00661556 /* OptionalUnwrapTest.swift in Sources */ = {isa = PBXBuildFile; fileRef = EC368BC31EDF13DA00661556 /* OptionalUnwrapTest.swift */; };
		EC626C6B1FA06DB4001C332C /* DynamicFontTest.swift in Sources */ = {isa = PBXBuildFile; fileRef = EC626C6A1FA06DB4001C332C /* DynamicFontTest.swift */; };
		EC626C6D1FA07281001C332C /* HelveticaNeue.plist in Resources */ = {isa = PBXBuildFile; fileRef = EC626C6C1FA07281001C332C /* HelveticaNeue.plist */; };
		EC7953421ECB5C7B00404857 /* ViewLayoutTest.swift in Sources */ = {isa = PBXBuildFile; fileRef = EC7953411ECB5C7B00404857 /* ViewLayoutTest.swift */; };
		ECB626F91DE333D100951346 /* TestView.xib in Resources */ = {isa = PBXBuildFile; fileRef = ECB626F81DE333D100951346 /* TestView.xib */; };
		ECB626FE1DE3344A00951346 /* NibLoaderTest.swift in Sources */ = {isa = PBXBuildFile; fileRef = ECB626FD1DE3344A00951346 /* NibLoaderTest.swift */; };
		ECB627001DE3395100951346 /* ChildInsertionTest.swift in Sources */ = {isa = PBXBuildFile; fileRef = ECB626FF1DE3395100951346 /* ChildInsertionTest.swift */; };
		ECB627021DE33C1100951346 /* ViewInsertionWithMarginTest.swift in Sources */ = {isa = PBXBuildFile; fileRef = ECB627011DE33C1100951346 /* ViewInsertionWithMarginTest.swift */; };
		ECB627061DE33F2200951346 /* AttributedStringTest.swift in Sources */ = {isa = PBXBuildFile; fileRef = ECB627051DE33F2200951346 /* AttributedStringTest.swift */; };
		F2F326C12448431300BB5700 /* NSDirectionalEdgeInsetsTests.swift in Sources */ = {isa = PBXBuildFile; fileRef = F2F326C02448431300BB5700 /* NSDirectionalEdgeInsetsTests.swift */; };
/* End PBXBuildFile section */

/* Begin PBXContainerItemProxy section */
		49B1F7831CE4B3DB00A29BFE /* PBXContainerItemProxy */ = {
			isa = PBXContainerItemProxy;
			containerPortal = 7A0EC6461535D8ED00E5F54A /* Project object */;
			proxyType = 1;
			remoteGlobalIDString = 7A0EC64E1535D8ED00E5F54A;
			remoteInfo = ADUtils;
		};
/* End PBXContainerItemProxy section */

/* Begin PBXFileReference section */
		0C8CFF0F242B69BA0009FA88 /* AutoSizingCollectionView.swift */ = {isa = PBXFileReference; lastKnownFileType = sourcecode.swift; path = AutoSizingCollectionView.swift; sourceTree = "<group>"; };
		0C8CFF11242B6A510009FA88 /* SimpleAutoSizingCollectionView.swift */ = {isa = PBXFileReference; lastKnownFileType = sourcecode.swift; path = SimpleAutoSizingCollectionView.swift; sourceTree = "<group>"; };
		0DA2083431F4C16E69ED219E /* Pods-ADUtilsApp.preproduction.xcconfig */ = {isa = PBXFileReference; includeInIndex = 1; lastKnownFileType = text.xcconfig; name = "Pods-ADUtilsApp.preproduction.xcconfig"; path = "Pods/Target Support Files/Pods-ADUtilsApp/Pods-ADUtilsApp.preproduction.xcconfig"; sourceTree = "<group>"; };
		28EFE73855C87585926C10E6 /* Pods_ADUtilsApp.framework */ = {isa = PBXFileReference; explicitFileType = wrapper.framework; includeInIndex = 0; path = Pods_ADUtilsApp.framework; sourceTree = BUILT_PRODUCTS_DIR; };
		2A6E273022B2834500B31F40 /* MKMapViewDequeuingTest.swift */ = {isa = PBXFileReference; lastKnownFileType = sourcecode.swift; path = MKMapViewDequeuingTest.swift; sourceTree = "<group>"; };
		32D3D6308F00B6B8059A24E8 /* Pods-ADUtilsTests.production.xcconfig */ = {isa = PBXFileReference; includeInIndex = 1; lastKnownFileType = text.xcconfig; name = "Pods-ADUtilsTests.production.xcconfig"; path = "Pods/Target Support Files/Pods-ADUtilsTests/Pods-ADUtilsTests.production.xcconfig"; sourceTree = "<group>"; };
		4131DA2D9333046F6E9F313E /* Pods-ADUtilsTests.distribution.xcconfig */ = {isa = PBXFileReference; includeInIndex = 1; lastKnownFileType = text.xcconfig; name = "Pods-ADUtilsTests.distribution.xcconfig"; path = "Pods/Target Support Files/Pods-ADUtilsTests/Pods-ADUtilsTests.distribution.xcconfig"; sourceTree = "<group>"; };
		491BC3C223C47D29001A3B82 /* StackViewUtilsTests.swift */ = {isa = PBXFileReference; lastKnownFileType = sourcecode.swift; path = StackViewUtilsTests.swift; sourceTree = "<group>"; };
		494C99842601FA5A00A1E098 /* StackViewBuilderTests.swift */ = {isa = PBXFileReference; lastKnownFileType = sourcecode.swift; path = StackViewBuilderTests.swift; sourceTree = "<group>"; };
		495682D625DAD8EC00001624 /* UIImageColorTests.swift */ = {isa = PBXFileReference; lastKnownFileType = sourcecode.swift; path = UIImageColorTests.swift; sourceTree = "<group>"; };
		495682EE25DBA8F800001624 /* UIButtonBackgroundColorTests.swift */ = {isa = PBXFileReference; lastKnownFileType = sourcecode.swift; path = UIButtonBackgroundColorTests.swift; sourceTree = "<group>"; };
		496EB3BC246003EA0011B4AD /* NavigationControllerPopCompletionTests.swift */ = {isa = PBXFileReference; lastKnownFileType = sourcecode.swift; path = NavigationControllerPopCompletionTests.swift; sourceTree = "<group>"; };
		496EB3C0246008E80011B4AD /* UITableViewHeaderFooterViewLayoutTests.swift */ = {isa = PBXFileReference; lastKnownFileType = sourcecode.swift; path = UITableViewHeaderFooterViewLayoutTests.swift; sourceTree = "<group>"; };
		4988CBB921592CAB003A3C08 /* SequenceGroupedByTests.swift */ = {isa = PBXFileReference; lastKnownFileType = sourcecode.swift; path = SequenceGroupedByTests.swift; sourceTree = "<group>"; };
		4988CBBD215931B4003A3C08 /* OptionalStringIsBlankTests.swift */ = {isa = PBXFileReference; lastKnownFileType = sourcecode.swift; path = OptionalStringIsBlankTests.swift; sourceTree = "<group>"; };
		49B1F77E1CE4B3DB00A29BFE /* ADUtilsTests.xctest */ = {isa = PBXFileReference; explicitFileType = wrapper.cfbundle; includeInIndex = 0; path = ADUtilsTests.xctest; sourceTree = BUILT_PRODUCTS_DIR; };
		49B1F7821CE4B3DB00A29BFE /* Info.plist */ = {isa = PBXFileReference; lastKnownFileType = text.plist.xml; path = Info.plist; sourceTree = "<group>"; };
		49BA42C62167B8BE00578C48 /* LayoutGuideConstraintsTests.swift */ = {isa = PBXFileReference; lastKnownFileType = sourcecode.swift; path = LayoutGuideConstraintsTests.swift; sourceTree = "<group>"; };
		49CC380020C048F800CFEDDB /* ArrayFilterTests.swift */ = {isa = PBXFileReference; lastKnownFileType = sourcecode.swift; path = ArrayFilterTests.swift; sourceTree = "<group>"; };
		49CEC4A41EFA484900675EC4 /* NavigationControllerObserverTest.swift */ = {isa = PBXFileReference; fileEncoding = 4; lastKnownFileType = sourcecode.swift; path = NavigationControllerObserverTest.swift; sourceTree = "<group>"; };
		49D1F130216C968E009F87AB /* ADUtilsTests-Bridging-Header.h */ = {isa = PBXFileReference; lastKnownFileType = sourcecode.c.h; path = "ADUtilsTests-Bridging-Header.h"; sourceTree = "<group>"; };
		49D1F131216C968E009F87AB /* ADViewLayoutTestsObjc.m */ = {isa = PBXFileReference; lastKnownFileType = sourcecode.c.objc; path = ADViewLayoutTestsObjc.m; sourceTree = "<group>"; };
		49D1F133216CCEF4009F87AB /* ADViewLayoutGuideTestsObjc.m */ = {isa = PBXFileReference; fileEncoding = 4; lastKnownFileType = sourcecode.c.objc; path = ADViewLayoutGuideTestsObjc.m; sourceTree = "<group>"; };
		49D85E011E1E6F5300233A3F /* PropertyListArchiverTest.swift */ = {isa = PBXFileReference; fileEncoding = 4; lastKnownFileType = sourcecode.swift; path = PropertyListArchiverTest.swift; sourceTree = "<group>"; };
		49EE98A11DE5F2DC00DE1CB8 /* UIEdgeInsetsTest.swift */ = {isa = PBXFileReference; fileEncoding = 4; lastKnownFileType = sourcecode.swift; path = UIEdgeInsetsTest.swift; sourceTree = "<group>"; };
		49EE98A31DE6CAE100DE1CB8 /* RegisterableViewTest.swift */ = {isa = PBXFileReference; fileEncoding = 4; lastKnownFileType = sourcecode.swift; path = RegisterableViewTest.swift; sourceTree = "<group>"; };
		49F0F20C2162095F00FC8AA4 /* SynchronizeTests.swift */ = {isa = PBXFileReference; lastKnownFileType = sourcecode.swift; path = SynchronizeTests.swift; sourceTree = "<group>"; };
		49F0F20E21621EB300FC8AA4 /* DeselectableViewTests.swift */ = {isa = PBXFileReference; lastKnownFileType = sourcecode.swift; path = DeselectableViewTests.swift; sourceTree = "<group>"; };
		49F0F21021625E7000FC8AA4 /* StringLocalizationTests.swift */ = {isa = PBXFileReference; lastKnownFileType = sourcecode.swift; path = StringLocalizationTests.swift; sourceTree = "<group>"; };
		49F0F23321637A1E00FC8AA4 /* NibCollectionViewCell.xib */ = {isa = PBXFileReference; lastKnownFileType = file.xib; name = NibCollectionViewCell.xib; path = Defaults/NibCollectionViewCell.xib; sourceTree = "<group>"; };
		49F0F23521637ADD00FC8AA4 /* NibTableViewCell.xib */ = {isa = PBXFileReference; lastKnownFileType = file.xib; name = NibTableViewCell.xib; path = Defaults/NibTableViewCell.xib; sourceTree = "<group>"; };
		49F0F23721639D6900FC8AA4 /* NibTableHeaderView.xib */ = {isa = PBXFileReference; lastKnownFileType = file.xib; name = NibTableHeaderView.xib; path = Defaults/NibTableHeaderView.xib; sourceTree = "<group>"; };
		4AE8A6D223F563F300ABE095 /* DebouncedTests.swift */ = {isa = PBXFileReference; lastKnownFileType = sourcecode.swift; path = DebouncedTests.swift; sourceTree = "<group>"; };
		4C8B60A08D066BFD9DDA1251 /* Pods-ADUtilsApp.distribution.xcconfig */ = {isa = PBXFileReference; includeInIndex = 1; lastKnownFileType = text.xcconfig; name = "Pods-ADUtilsApp.distribution.xcconfig"; path = "Pods/Target Support Files/Pods-ADUtilsApp/Pods-ADUtilsApp.distribution.xcconfig"; sourceTree = "<group>"; };
		57397F7C24CAD105001C6F2E /* LocaleUserPreferredTimeFormatTests.swift */ = {isa = PBXFileReference; lastKnownFileType = sourcecode.swift; path = LocaleUserPreferredTimeFormatTests.swift; sourceTree = "<group>"; };
		57C59D671BB1478A003798DF /* Images.xcassets */ = {isa = PBXFileReference; lastKnownFileType = folder.assetcatalog; path = Images.xcassets; sourceTree = "<group>"; };
		57C59D691BB1486B003798DF /* LaunchScreen.storyboard */ = {isa = PBXFileReference; fileEncoding = 4; lastKnownFileType = file.storyboard; path = LaunchScreen.storyboard; sourceTree = "<group>"; };
		57E1CD271C884F1C00A7DFFB /* ViewController.swift */ = {isa = PBXFileReference; fileEncoding = 4; lastKnownFileType = sourcecode.swift; path = ViewController.swift; sourceTree = "<group>"; };
		57E1CD291C884F3000A7DFFB /* ADUtils-Bridging-Header.h */ = {isa = PBXFileReference; fileEncoding = 4; lastKnownFileType = sourcecode.c.h; name = "ADUtils-Bridging-Header.h"; path = "Classes/ADUtils-Bridging-Header.h"; sourceTree = SOURCE_ROOT; };
		57E1CD481C884F8900A7DFFB /* AppDelegate.swift */ = {isa = PBXFileReference; fileEncoding = 4; lastKnownFileType = sourcecode.swift; lineEnding = 0; path = AppDelegate.swift; sourceTree = "<group>"; xcLanguageSpecificationIdentifier = xcode.lang.swift; };
		57F7ECC31BB0042D0095AEEC /* Localizable.strings */ = {isa = PBXFileReference; fileEncoding = 4; lastKnownFileType = text.plist.strings; path = Localizable.strings; sourceTree = "<group>"; };
		57F7ECC51BB004500095AEEC /* InfoPlist.strings */ = {isa = PBXFileReference; fileEncoding = 4; lastKnownFileType = text.plist.strings; path = InfoPlist.strings; sourceTree = "<group>"; };
		5DE795FD4906461A70860D2B /* Pods-ADUtilsApp.production.xcconfig */ = {isa = PBXFileReference; includeInIndex = 1; lastKnownFileType = text.xcconfig; name = "Pods-ADUtilsApp.production.xcconfig"; path = "Pods/Target Support Files/Pods-ADUtilsApp/Pods-ADUtilsApp.production.xcconfig"; sourceTree = "<group>"; };
		7A0EC64F1535D8ED00E5F54A /* ADUtilsApp.app */ = {isa = PBXFileReference; explicitFileType = wrapper.application; includeInIndex = 0; path = ADUtilsApp.app; sourceTree = BUILT_PRODUCTS_DIR; };
		7A0EC6531535D8ED00E5F54A /* UIKit.framework */ = {isa = PBXFileReference; lastKnownFileType = wrapper.framework; name = UIKit.framework; path = System/Library/Frameworks/UIKit.framework; sourceTree = SDKROOT; };
		7A0EC6551535D8ED00E5F54A /* Foundation.framework */ = {isa = PBXFileReference; lastKnownFileType = wrapper.framework; name = Foundation.framework; path = System/Library/Frameworks/Foundation.framework; sourceTree = SDKROOT; };
		7A0EC6571535D8ED00E5F54A /* CoreGraphics.framework */ = {isa = PBXFileReference; lastKnownFileType = wrapper.framework; name = CoreGraphics.framework; path = System/Library/Frameworks/CoreGraphics.framework; sourceTree = SDKROOT; };
		7A189F921535FD5C00A22149 /* ADUtils-Prefix.pch */ = {isa = PBXFileReference; fileEncoding = 4; lastKnownFileType = sourcecode.c.h; path = "ADUtils-Prefix.pch"; sourceTree = SOURCE_ROOT; };
		836A694BE9CF460F6BF35DC5 /* Pods-ADUtilsApp.stubs.xcconfig */ = {isa = PBXFileReference; includeInIndex = 1; lastKnownFileType = text.xcconfig; name = "Pods-ADUtilsApp.stubs.xcconfig"; path = "Pods/Target Support Files/Pods-ADUtilsApp/Pods-ADUtilsApp.stubs.xcconfig"; sourceTree = "<group>"; };
		87BC46DC257E92FD008FB5A9 /* OptionalVerifyOrNilTests.swift */ = {isa = PBXFileReference; fileEncoding = 4; lastKnownFileType = sourcecode.swift; path = OptionalVerifyOrNilTests.swift; sourceTree = "<group>"; };
		87C139C22695EFBA00CEE5A1 /* PostInstallationKeychainCleanerTests.swift */ = {isa = PBXFileReference; lastKnownFileType = sourcecode.swift; path = PostInstallationKeychainCleanerTests.swift; sourceTree = "<group>"; };
		87F2D42021020D8E0004465B /* TestView.swift */ = {isa = PBXFileReference; lastKnownFileType = sourcecode.swift; path = TestView.swift; sourceTree = "<group>"; };
		921907DE21F7AE4400EF2B67 /* ADLayoutGuideTestsObjc.m */ = {isa = PBXFileReference; lastKnownFileType = sourcecode.c.objc; path = ADLayoutGuideTestsObjc.m; sourceTree = "<group>"; };
		92DA1F5E2257556800060A32 /* NSLayoutConstraintUtilsTests.swift */ = {isa = PBXFileReference; lastKnownFileType = sourcecode.swift; path = NSLayoutConstraintUtilsTests.swift; sourceTree = "<group>"; };
		92FAEA932271DF0D0090A2C7 /* FailableDecodableTests.swift */ = {isa = PBXFileReference; lastKnownFileType = sourcecode.swift; path = FailableDecodableTests.swift; sourceTree = "<group>"; };
		9C9220CDCE8C495437E023DB /* Pods-ADUtilsTests.stubs.xcconfig */ = {isa = PBXFileReference; includeInIndex = 1; lastKnownFileType = text.xcconfig; name = "Pods-ADUtilsTests.stubs.xcconfig"; path = "Pods/Target Support Files/Pods-ADUtilsTests/Pods-ADUtilsTests.stubs.xcconfig"; sourceTree = "<group>"; };
		B0E1495E269444E600712620 /* SecureArchiverTests.swift */ = {isa = PBXFileReference; lastKnownFileType = sourcecode.swift; path = SecureArchiverTests.swift; sourceTree = "<group>"; };
		D06C6332AC4E8FBA4930E980 /* Pods_ADUtilsTests.framework */ = {isa = PBXFileReference; explicitFileType = wrapper.framework; includeInIndex = 0; path = Pods_ADUtilsTests.framework; sourceTree = BUILT_PRODUCTS_DIR; };
		E7D5F496242DED3C0048C0DC /* OptionalGetTests.swift */ = {isa = PBXFileReference; lastKnownFileType = sourcecode.swift; path = OptionalGetTests.swift; sourceTree = "<group>"; };
		E7D5F498242DEF120048C0DC /* UINavigationItemBackItemTests.swift */ = {isa = PBXFileReference; lastKnownFileType = sourcecode.swift; path = UINavigationItemBackItemTests.swift; sourceTree = "<group>"; };
		E7D5F49A242DF01F0048C0DC /* UIScreenPixelDimensionTests.swift */ = {isa = PBXFileReference; lastKnownFileType = sourcecode.swift; path = UIScreenPixelDimensionTests.swift; sourceTree = "<group>"; };
		E7D5F49C242DF0D90048C0DC /* UITableViewDefaultFooterCellsTests.swift */ = {isa = PBXFileReference; lastKnownFileType = sourcecode.swift; path = UITableViewDefaultFooterCellsTests.swift; sourceTree = "<group>"; };
		E7F92DA71FFBD9B200A85AB4 /* GeometryUtilitiesTest.swift */ = {isa = PBXFileReference; lastKnownFileType = sourcecode.swift; path = GeometryUtilitiesTest.swift; sourceTree = "<group>"; };
		EC368BC31EDF13DA00661556 /* OptionalUnwrapTest.swift */ = {isa = PBXFileReference; fileEncoding = 4; lastKnownFileType = sourcecode.swift; path = OptionalUnwrapTest.swift; sourceTree = "<group>"; };
		EC626C6A1FA06DB4001C332C /* DynamicFontTest.swift */ = {isa = PBXFileReference; lastKnownFileType = sourcecode.swift; path = DynamicFontTest.swift; sourceTree = "<group>"; };
		EC626C6C1FA07281001C332C /* HelveticaNeue.plist */ = {isa = PBXFileReference; lastKnownFileType = text.plist.xml; path = HelveticaNeue.plist; sourceTree = "<group>"; };
		EC7953411ECB5C7B00404857 /* ViewLayoutTest.swift */ = {isa = PBXFileReference; fileEncoding = 4; lastKnownFileType = sourcecode.swift; path = ViewLayoutTest.swift; sourceTree = "<group>"; };
		ECB626F81DE333D100951346 /* TestView.xib */ = {isa = PBXFileReference; fileEncoding = 4; lastKnownFileType = file.xib; name = TestView.xib; path = Defaults/TestView.xib; sourceTree = "<group>"; };
		ECB626FD1DE3344A00951346 /* NibLoaderTest.swift */ = {isa = PBXFileReference; fileEncoding = 4; lastKnownFileType = sourcecode.swift; path = NibLoaderTest.swift; sourceTree = "<group>"; };
		ECB626FF1DE3395100951346 /* ChildInsertionTest.swift */ = {isa = PBXFileReference; fileEncoding = 4; lastKnownFileType = sourcecode.swift; path = ChildInsertionTest.swift; sourceTree = "<group>"; };
		ECB627011DE33C1100951346 /* ViewInsertionWithMarginTest.swift */ = {isa = PBXFileReference; fileEncoding = 4; lastKnownFileType = sourcecode.swift; path = ViewInsertionWithMarginTest.swift; sourceTree = "<group>"; };
		ECB627051DE33F2200951346 /* AttributedStringTest.swift */ = {isa = PBXFileReference; fileEncoding = 4; lastKnownFileType = sourcecode.swift; path = AttributedStringTest.swift; sourceTree = "<group>"; };
		F2F326C02448431300BB5700 /* NSDirectionalEdgeInsetsTests.swift */ = {isa = PBXFileReference; lastKnownFileType = sourcecode.swift; path = NSDirectionalEdgeInsetsTests.swift; sourceTree = "<group>"; };
		F58BBA250BE675C419ED2946 /* Pods-ADUtilsTests.preproduction.xcconfig */ = {isa = PBXFileReference; includeInIndex = 1; lastKnownFileType = text.xcconfig; name = "Pods-ADUtilsTests.preproduction.xcconfig"; path = "Pods/Target Support Files/Pods-ADUtilsTests/Pods-ADUtilsTests.preproduction.xcconfig"; sourceTree = "<group>"; };
		F83B92161A7A8CCF009E7ADF /* Defaults-Info_Defaults.plist */ = {isa = PBXFileReference; fileEncoding = 4; lastKnownFileType = text.plist.xml; path = "Defaults-Info_Defaults.plist"; sourceTree = "<group>"; };
		F83B92171A7A8CCF009E7ADF /* Defaults-Info_Distribution.plist */ = {isa = PBXFileReference; fileEncoding = 4; lastKnownFileType = text.plist.xml; path = "Defaults-Info_Distribution.plist"; sourceTree = "<group>"; };
		F83B92181A7A8CCF009E7ADF /* Defaults-Info_Preproduction.plist */ = {isa = PBXFileReference; fileEncoding = 4; lastKnownFileType = text.plist.xml; path = "Defaults-Info_Preproduction.plist"; sourceTree = "<group>"; };
		F83B92191A7A8CCF009E7ADF /* Defaults-Info_Production.plist */ = {isa = PBXFileReference; fileEncoding = 4; lastKnownFileType = text.plist.xml; path = "Defaults-Info_Production.plist"; sourceTree = "<group>"; };
		F83B921A1A7A8CCF009E7ADF /* Defaults-Info_Stubs.plist */ = {isa = PBXFileReference; fileEncoding = 4; lastKnownFileType = text.plist.xml; path = "Defaults-Info_Stubs.plist"; sourceTree = "<group>"; };
		F83B921C1A7A8CCF009E7ADF /* ADUtils-Info_Defaults.plist */ = {isa = PBXFileReference; fileEncoding = 4; lastKnownFileType = text.plist.xml; path = "ADUtils-Info_Defaults.plist"; sourceTree = "<group>"; };
		F83B921D1A7A8CCF009E7ADF /* ADUtils-Info_Distribution.plist */ = {isa = PBXFileReference; fileEncoding = 4; lastKnownFileType = text.plist.xml; path = "ADUtils-Info_Distribution.plist"; sourceTree = "<group>"; };
		F83B921E1A7A8CCF009E7ADF /* ADUtils-Info_Preproduction.plist */ = {isa = PBXFileReference; fileEncoding = 4; lastKnownFileType = text.plist.xml; path = "ADUtils-Info_Preproduction.plist"; sourceTree = "<group>"; };
		F83B921F1A7A8CCF009E7ADF /* ADUtils-Info_Production.plist */ = {isa = PBXFileReference; fileEncoding = 4; lastKnownFileType = text.plist.xml; path = "ADUtils-Info_Production.plist"; sourceTree = "<group>"; };
		F83B92201A7A8CCF009E7ADF /* ADUtils-Info_Stubs.plist */ = {isa = PBXFileReference; fileEncoding = 4; lastKnownFileType = text.plist.xml; path = "ADUtils-Info_Stubs.plist"; sourceTree = "<group>"; };
		F83B922D1A7A8D04009E7ADF /* ADUtils-Info.plist */ = {isa = PBXFileReference; fileEncoding = 4; lastKnownFileType = text.plist.xml; path = "ADUtils-Info.plist"; sourceTree = "<group>"; };
/* End PBXFileReference section */

/* Begin PBXFrameworksBuildPhase section */
		49B1F77B1CE4B3DB00A29BFE /* Frameworks */ = {
			isa = PBXFrameworksBuildPhase;
			buildActionMask = 2147483647;
			files = (
				47E17214F9A4009CF12359D7 /* Pods_ADUtilsTests.framework in Frameworks */,
			);
			runOnlyForDeploymentPostprocessing = 0;
		};
		7A0EC64C1535D8ED00E5F54A /* Frameworks */ = {
			isa = PBXFrameworksBuildPhase;
			buildActionMask = 2147483647;
			files = (
				7A0EC6541535D8ED00E5F54A /* UIKit.framework in Frameworks */,
				7A0EC6561535D8ED00E5F54A /* Foundation.framework in Frameworks */,
				7A0EC6581535D8ED00E5F54A /* CoreGraphics.framework in Frameworks */,
				42CDDA9C8179B9F9824C64F2 /* Pods_ADUtilsApp.framework in Frameworks */,
			);
			runOnlyForDeploymentPostprocessing = 0;
		};
/* End PBXFrameworksBuildPhase section */

/* Begin PBXGroup section */
		0C8CFF0E242B699B0009FA88 /* LayoutTests */ = {
			isa = PBXGroup;
			children = (
				EC7953411ECB5C7B00404857 /* ViewLayoutTest.swift */,
				0C8CFF0F242B69BA0009FA88 /* AutoSizingCollectionView.swift */,
				0C8CFF11242B6A510009FA88 /* SimpleAutoSizingCollectionView.swift */,
			);
			path = LayoutTests;
			sourceTree = "<group>";
		};
		49B1F77F1CE4B3DB00A29BFE /* ADUtilsTests */ = {
			isa = PBXGroup;
			children = (
				B0E1495D2694449A00712620 /* Security */,
				0C8CFF0E242B699B0009FA88 /* LayoutTests */,
				49B1F7821CE4B3DB00A29BFE /* Info.plist */,
				ECB626FD1DE3344A00951346 /* NibLoaderTest.swift */,
				49F0F20C2162095F00FC8AA4 /* SynchronizeTests.swift */,
				49F0F20E21621EB300FC8AA4 /* DeselectableViewTests.swift */,
				ECB626FF1DE3395100951346 /* ChildInsertionTest.swift */,
				ECB627011DE33C1100951346 /* ViewInsertionWithMarginTest.swift */,
				49BA42C62167B8BE00578C48 /* LayoutGuideConstraintsTests.swift */,
				ECB627051DE33F2200951346 /* AttributedStringTest.swift */,
				49EE98A11DE5F2DC00DE1CB8 /* UIEdgeInsetsTest.swift */,
				49EE98A31DE6CAE100DE1CB8 /* RegisterableViewTest.swift */,
				49D85E011E1E6F5300233A3F /* PropertyListArchiverTest.swift */,
				49F0F21021625E7000FC8AA4 /* StringLocalizationTests.swift */,
				EC368BC31EDF13DA00661556 /* OptionalUnwrapTest.swift */,
				87BC46DC257E92FD008FB5A9 /* OptionalVerifyOrNilTests.swift */,
				49CEC4A41EFA484900675EC4 /* NavigationControllerObserverTest.swift */,
				EC626C6A1FA06DB4001C332C /* DynamicFontTest.swift */,
				E7F92DA71FFBD9B200A85AB4 /* GeometryUtilitiesTest.swift */,
				49CC380020C048F800CFEDDB /* ArrayFilterTests.swift */,
				4988CBB921592CAB003A3C08 /* SequenceGroupedByTests.swift */,
				4988CBBD215931B4003A3C08 /* OptionalStringIsBlankTests.swift */,
				92DA1F5E2257556800060A32 /* NSLayoutConstraintUtilsTests.swift */,
				92FAEA932271DF0D0090A2C7 /* FailableDecodableTests.swift */,
				2A6E273022B2834500B31F40 /* MKMapViewDequeuingTest.swift */,
				491BC3C223C47D29001A3B82 /* StackViewUtilsTests.swift */,
				4AE8A6D223F563F300ABE095 /* DebouncedTests.swift */,
				E7D5F496242DED3C0048C0DC /* OptionalGetTests.swift */,
				E7D5F498242DEF120048C0DC /* UINavigationItemBackItemTests.swift */,
				E7D5F49A242DF01F0048C0DC /* UIScreenPixelDimensionTests.swift */,
				E7D5F49C242DF0D90048C0DC /* UITableViewDefaultFooterCellsTests.swift */,
				496EB3BC246003EA0011B4AD /* NavigationControllerPopCompletionTests.swift */,
				496EB3C0246008E80011B4AD /* UITableViewHeaderFooterViewLayoutTests.swift */,
				49D1F131216C968E009F87AB /* ADViewLayoutTestsObjc.m */,
				49D1F133216CCEF4009F87AB /* ADViewLayoutGuideTestsObjc.m */,
				921907DE21F7AE4400EF2B67 /* ADLayoutGuideTestsObjc.m */,
				EC626C6C1FA07281001C332C /* HelveticaNeue.plist */,
				49D1F130216C968E009F87AB /* ADUtilsTests-Bridging-Header.h */,
				F2F326C02448431300BB5700 /* NSDirectionalEdgeInsetsTests.swift */,
				57397F7C24CAD105001C6F2E /* LocaleUserPreferredTimeFormatTests.swift */,
				495682D625DAD8EC00001624 /* UIImageColorTests.swift */,
				495682EE25DBA8F800001624 /* UIButtonBackgroundColorTests.swift */,
				494C99842601FA5A00A1E098 /* StackViewBuilderTests.swift */,
			);
			path = ADUtilsTests;
			sourceTree = "<group>";
		};
		6C0000BCAC8752038EA18DDB /* Pods */ = {
			isa = PBXGroup;
			children = (
				9C9220CDCE8C495437E023DB /* Pods-ADUtilsTests.stubs.xcconfig */,
				F58BBA250BE675C419ED2946 /* Pods-ADUtilsTests.preproduction.xcconfig */,
				32D3D6308F00B6B8059A24E8 /* Pods-ADUtilsTests.production.xcconfig */,
				4131DA2D9333046F6E9F313E /* Pods-ADUtilsTests.distribution.xcconfig */,
				836A694BE9CF460F6BF35DC5 /* Pods-ADUtilsApp.stubs.xcconfig */,
				0DA2083431F4C16E69ED219E /* Pods-ADUtilsApp.preproduction.xcconfig */,
				5DE795FD4906461A70860D2B /* Pods-ADUtilsApp.production.xcconfig */,
				4C8B60A08D066BFD9DDA1251 /* Pods-ADUtilsApp.distribution.xcconfig */,
			);
			name = Pods;
			sourceTree = "<group>";
		};
		7A0EC6441535D8ED00E5F54A = {
			isa = PBXGroup;
			children = (
				7A189F7F1535FB5300A22149 /* Classes */,
				7A189F8F1535FD0D00A22149 /* Other Sources */,
				F83B92141A7A8CCF009E7ADF /* Configuration */,
				7A189F951535FD6800A22149 /* Resources */,
				49B1F77F1CE4B3DB00A29BFE /* ADUtilsTests */,
				7A0EC6521535D8ED00E5F54A /* Frameworks */,
				7A0EC6501535D8ED00E5F54A /* Products */,
				6C0000BCAC8752038EA18DDB /* Pods */,
			);
			sourceTree = "<group>";
		};
		7A0EC6501535D8ED00E5F54A /* Products */ = {
			isa = PBXGroup;
			children = (
				7A0EC64F1535D8ED00E5F54A /* ADUtilsApp.app */,
				49B1F77E1CE4B3DB00A29BFE /* ADUtilsTests.xctest */,
			);
			name = Products;
			sourceTree = "<group>";
		};
		7A0EC6521535D8ED00E5F54A /* Frameworks */ = {
			isa = PBXGroup;
			children = (
				7A0EC6531535D8ED00E5F54A /* UIKit.framework */,
				7A0EC6551535D8ED00E5F54A /* Foundation.framework */,
				7A0EC6571535D8ED00E5F54A /* CoreGraphics.framework */,
				D06C6332AC4E8FBA4930E980 /* Pods_ADUtilsTests.framework */,
				28EFE73855C87585926C10E6 /* Pods_ADUtilsApp.framework */,
			);
			name = Frameworks;
			sourceTree = "<group>";
		};
		7A189F7F1535FB5300A22149 /* Classes */ = {
			isa = PBXGroup;
			children = (
				57E1CD481C884F8900A7DFFB /* AppDelegate.swift */,
				57E1CD271C884F1C00A7DFFB /* ViewController.swift */,
				87F2D42021020D8E0004465B /* TestView.swift */,
			);
			path = Classes;
			sourceTree = "<group>";
		};
		7A189F8F1535FD0D00A22149 /* Other Sources */ = {
			isa = PBXGroup;
			children = (
				7A189F921535FD5C00A22149 /* ADUtils-Prefix.pch */,
				57E1CD291C884F3000A7DFFB /* ADUtils-Bridging-Header.h */,
			);
			name = "Other Sources";
			path = ADUtils;
			sourceTree = "<group>";
		};
		7A189F951535FD6800A22149 /* Resources */ = {
			isa = PBXGroup;
			children = (
				F83B922B1A7A8CE1009E7ADF /* Defaults */,
				F83B922C1A7A8CE1009E7ADF /* ADUtils */,
				ECB626F81DE333D100951346 /* TestView.xib */,
				49F0F23321637A1E00FC8AA4 /* NibCollectionViewCell.xib */,
				49F0F23521637ADD00FC8AA4 /* NibTableViewCell.xib */,
				49F0F23721639D6900FC8AA4 /* NibTableHeaderView.xib */,
			);
			name = Resources;
			path = Ressources;
			sourceTree = "<group>";
		};
		B0E1495D2694449A00712620 /* Security */ = {
			isa = PBXGroup;
			children = (
				B0E1495E269444E600712620 /* SecureArchiverTests.swift */,
				87C139C22695EFBA00CEE5A1 /* PostInstallationKeychainCleanerTests.swift */,
			);
			path = Security;
			sourceTree = "<group>";
		};
		F83B92141A7A8CCF009E7ADF /* Configuration */ = {
			isa = PBXGroup;
			children = (
				F83B92151A7A8CCF009E7ADF /* Defaults */,
				F83B921B1A7A8CCF009E7ADF /* ADUtils */,
			);
			path = Configuration;
			sourceTree = "<group>";
		};
		F83B92151A7A8CCF009E7ADF /* Defaults */ = {
			isa = PBXGroup;
			children = (
				F83B92161A7A8CCF009E7ADF /* Defaults-Info_Defaults.plist */,
				F83B921A1A7A8CCF009E7ADF /* Defaults-Info_Stubs.plist */,
				F83B92181A7A8CCF009E7ADF /* Defaults-Info_Preproduction.plist */,
				F83B92191A7A8CCF009E7ADF /* Defaults-Info_Production.plist */,
				F83B92171A7A8CCF009E7ADF /* Defaults-Info_Distribution.plist */,
			);
			path = Defaults;
			sourceTree = "<group>";
		};
		F83B921B1A7A8CCF009E7ADF /* ADUtils */ = {
			isa = PBXGroup;
			children = (
				F83B922D1A7A8D04009E7ADF /* ADUtils-Info.plist */,
				F83B921C1A7A8CCF009E7ADF /* ADUtils-Info_Defaults.plist */,
				F83B92201A7A8CCF009E7ADF /* ADUtils-Info_Stubs.plist */,
				F83B921E1A7A8CCF009E7ADF /* ADUtils-Info_Preproduction.plist */,
				F83B921F1A7A8CCF009E7ADF /* ADUtils-Info_Production.plist */,
				F83B921D1A7A8CCF009E7ADF /* ADUtils-Info_Distribution.plist */,
			);
			path = ADUtils;
			sourceTree = "<group>";
		};
		F83B922B1A7A8CE1009E7ADF /* Defaults */ = {
			isa = PBXGroup;
			children = (
			);
			path = Defaults;
			sourceTree = "<group>";
		};
		F83B922C1A7A8CE1009E7ADF /* ADUtils */ = {
			isa = PBXGroup;
			children = (
				57C59D671BB1478A003798DF /* Images.xcassets */,
				57F7ECC51BB004500095AEEC /* InfoPlist.strings */,
				57F7ECC31BB0042D0095AEEC /* Localizable.strings */,
				57C59D691BB1486B003798DF /* LaunchScreen.storyboard */,
			);
			path = ADUtils;
			sourceTree = "<group>";
		};
/* End PBXGroup section */

/* Begin PBXNativeTarget section */
		49B1F77D1CE4B3DB00A29BFE /* ADUtilsTests */ = {
			isa = PBXNativeTarget;
			buildConfigurationList = 49B1F7891CE4B3DB00A29BFE /* Build configuration list for PBXNativeTarget "ADUtilsTests" */;
			buildPhases = (
				A6A85E92266DAE1D134ACEEA /* [CP] Check Pods Manifest.lock */,
				49B1F77A1CE4B3DB00A29BFE /* Sources */,
				49B1F77B1CE4B3DB00A29BFE /* Frameworks */,
				49B1F77C1CE4B3DB00A29BFE /* Resources */,
				77213A42EFF7262DF8B75E25 /* [CP] Embed Pods Frameworks */,
			);
			buildRules = (
			);
			dependencies = (
				49B1F7841CE4B3DB00A29BFE /* PBXTargetDependency */,
			);
			name = ADUtilsTests;
			productName = ADUtilsTests;
			productReference = 49B1F77E1CE4B3DB00A29BFE /* ADUtilsTests.xctest */;
			productType = "com.apple.product-type.bundle.unit-test";
		};
		7A0EC64E1535D8ED00E5F54A /* ADUtilsApp */ = {
			isa = PBXNativeTarget;
			buildConfigurationList = 7A0EC6671535D8ED00E5F54A /* Build configuration list for PBXNativeTarget "ADUtilsApp" */;
			buildPhases = (
				CECB1C1E7B071D6D281D3BC0 /* [CP] Check Pods Manifest.lock */,
				7A0EC66A1535D91400E5F54A /* Inject git informations in Info.plist */,
				7A0EC64B1535D8ED00E5F54A /* Sources */,
				7A0EC64C1535D8ED00E5F54A /* Frameworks */,
				7A0EC64D1535D8ED00E5F54A /* Resources */,
				6FE3EFF61A6D3EB1007A4AD5 /* Patch Info.plist according to the environment */,
				490133B11C1EFC11000CC04B /* Turn TODO into Warning */,
				490133B21C1EFC25000CC04B /* Warning if file > 250 lines */,
				494C999A260205C500A1E098 /* SwiftLint */,
			);
			buildRules = (
			);
			dependencies = (
			);
			name = ADUtilsApp;
			productName = ADUtils;
			productReference = 7A0EC64F1535D8ED00E5F54A /* ADUtilsApp.app */;
			productType = "com.apple.product-type.application";
		};
/* End PBXNativeTarget section */

/* Begin PBXProject section */
		7A0EC6461535D8ED00E5F54A /* Project object */ = {
			isa = PBXProject;
			attributes = {
				CLASSPREFIX = AD;
				LastSwiftUpdateCheck = 0730;
				LastUpgradeCheck = 1120;
				TargetAttributes = {
					49B1F77D1CE4B3DB00A29BFE = {
						CreatedOnToolsVersion = 7.3;
						DevelopmentTeam = 2C897PS7YH;
						LastSwiftMigration = 1120;
						TestTargetID = 7A0EC64E1535D8ED00E5F54A;
					};
					7A0EC64E1535D8ED00E5F54A = {
						DevelopmentTeam = U5M7X5V6ZG;
						LastSwiftMigration = 1120;
						ProvisioningStyle = Automatic;
					};
				};
			};
			buildConfigurationList = 7A0EC6491535D8ED00E5F54A /* Build configuration list for PBXProject "ADUtils" */;
			compatibilityVersion = "Xcode 3.2";
			developmentRegion = English;
			hasScannedForEncodings = 0;
			knownRegions = (
				English,
				en,
			);
			mainGroup = 7A0EC6441535D8ED00E5F54A;
			productRefGroup = 7A0EC6501535D8ED00E5F54A /* Products */;
			projectDirPath = "";
			projectRoot = "";
			targets = (
				7A0EC64E1535D8ED00E5F54A /* ADUtilsApp */,
				49B1F77D1CE4B3DB00A29BFE /* ADUtilsTests */,
			);
		};
/* End PBXProject section */

/* Begin PBXResourcesBuildPhase section */
		49B1F77C1CE4B3DB00A29BFE /* Resources */ = {
			isa = PBXResourcesBuildPhase;
			buildActionMask = 2147483647;
			files = (
				EC626C6D1FA07281001C332C /* HelveticaNeue.plist in Resources */,
			);
			runOnlyForDeploymentPostprocessing = 0;
		};
		7A0EC64D1535D8ED00E5F54A /* Resources */ = {
			isa = PBXResourcesBuildPhase;
			buildActionMask = 2147483647;
			files = (
				49F0F23421637A1E00FC8AA4 /* NibCollectionViewCell.xib in Resources */,
				57C59D681BB1478A003798DF /* Images.xcassets in Resources */,
				57C59D6A1BB1486B003798DF /* LaunchScreen.storyboard in Resources */,
				49F0F23621637ADD00FC8AA4 /* NibTableViewCell.xib in Resources */,
				49F0F23821639D6900FC8AA4 /* NibTableHeaderView.xib in Resources */,
				ECB626F91DE333D100951346 /* TestView.xib in Resources */,
				57F7ECC41BB0042D0095AEEC /* Localizable.strings in Resources */,
				57F7ECC61BB004510095AEEC /* InfoPlist.strings in Resources */,
			);
			runOnlyForDeploymentPostprocessing = 0;
		};
/* End PBXResourcesBuildPhase section */

/* Begin PBXShellScriptBuildPhase section */
		490133B11C1EFC11000CC04B /* Turn TODO into Warning */ = {
			isa = PBXShellScriptBuildPhase;
			buildActionMask = 2147483647;
			files = (
			);
			inputPaths = (
			);
			name = "Turn TODO into Warning";
			outputPaths = (
			);
			runOnlyForDeploymentPostprocessing = 0;
			shellPath = /bin/sh;
			shellScript = "KEYWORDS=\"TODO:|FIXME:|\\?\\?\\?:|\\!\\!\\!:\"\nfind \"${SRCROOT}/Classes\" -name \"*.h\" -or -name \"*.m\" -print0 | xargs -0 egrep --with-filename --line-number --only-matching \"($KEYWORDS).*\\$\" | perl -p -e \"s/($KEYWORDS)/ warning: \\$1/\"";
		};
		490133B21C1EFC25000CC04B /* Warning if file > 250 lines */ = {
			isa = PBXShellScriptBuildPhase;
			buildActionMask = 2147483647;
			files = (
			);
			inputPaths = (
			);
			name = "Warning if file > 250 lines";
			outputPaths = (
			);
			runOnlyForDeploymentPostprocessing = 0;
			shellPath = /bin/sh;
			shellScript = "find \"${SRCROOT}/Classes\" \\( -name \"*.h\" -or -name \"*.m\" \\) -and \\( -path \"${SRCROOT}/Pods/*\" -prune -o -print0 \\) | xargs -0 wc -l | awk '$1 > 250 && $2 != \"total\" {for(i=2;i<NF;i++){printf \"%s%s\", $i, \" \"} print $NF \":1: warning: File more than 250 lines (\" $1 \"), consider refactoring.\" }'";
		};
		494C999A260205C500A1E098 /* SwiftLint */ = {
			isa = PBXShellScriptBuildPhase;
			buildActionMask = 2147483647;
			files = (
			);
			inputFileListPaths = (
			);
			inputPaths = (
			);
			name = SwiftLint;
			outputFileListPaths = (
			);
			outputPaths = (
			);
			runOnlyForDeploymentPostprocessing = 0;
			shellPath = /bin/sh;
			shellScript = "\"${PODS_ROOT}/SwiftLint/swiftlint\"\n";
		};
		6FE3EFF61A6D3EB1007A4AD5 /* Patch Info.plist according to the environment */ = {
			isa = PBXShellScriptBuildPhase;
			buildActionMask = 2147483647;
			files = (
			);
			inputPaths = (
			);
			name = "Patch Info.plist according to the environment";
			outputPaths = (
			);
			runOnlyForDeploymentPostprocessing = 0;
			shellPath = /bin/sh;
			shellScript = "PLIST_FILENAME=$(basename \"$PRODUCT_SETTINGS_PATH\")\nPLIST_EXTENSION=\"${PLIST_FILENAME##*.}\"\nPLIST_FILENAME=\"${PLIST_FILENAME%.*}\"\n/usr/libexec/PlistBuddy -c \"Merge ${SRCROOT}/Configuration/$TARGET_NAME/${PLIST_FILENAME}_${CONFIGURATION}.${PLIST_EXTENSION}\" \"${BUILT_PRODUCTS_DIR}/${INFOPLIST_PATH}\" >/dev/null 2>&1\n/usr/libexec/PlistBuddy -c \"Merge ${SRCROOT}/Configuration/$TARGET_NAME/${PLIST_FILENAME}_Defaults.${PLIST_EXTENSION}\" \"${BUILT_PRODUCTS_DIR}/${INFOPLIST_PATH}\" >/dev/null 2>&1\n/usr/libexec/PlistBuddy -c \"Merge ${SRCROOT}/Configuration/Defaults/Defaults-Info_${CONFIGURATION}.${PLIST_EXTENSION}\" \"${BUILT_PRODUCTS_DIR}/${INFOPLIST_PATH}\" >/dev/null 2>&1\n/usr/libexec/PlistBuddy -c \"Merge ${SRCROOT}/Configuration/Defaults/Defaults-Info_Defaults.${PLIST_EXTENSION}\" \"${BUILT_PRODUCTS_DIR}/${INFOPLIST_PATH}\" >/dev/null 2>&1\n";
			showEnvVarsInLog = 0;
		};
		77213A42EFF7262DF8B75E25 /* [CP] Embed Pods Frameworks */ = {
			isa = PBXShellScriptBuildPhase;
			buildActionMask = 2147483647;
			files = (
			);
			inputPaths = (
				"${PODS_ROOT}/Target Support Files/Pods-ADUtilsTests/Pods-ADUtilsTests-frameworks.sh",
				"${BUILT_PRODUCTS_DIR}/ADUtils/ADUtils.framework",
				"${BUILT_PRODUCTS_DIR}/Nimble/Nimble.framework",
				"${BUILT_PRODUCTS_DIR}/Nimble-Snapshots/Nimble_Snapshots.framework",
				"${BUILT_PRODUCTS_DIR}/OCMock/OCMock.framework",
				"${BUILT_PRODUCTS_DIR}/Quick/Quick.framework",
				"${BUILT_PRODUCTS_DIR}/iOSSnapshotTestCase/FBSnapshotTestCase.framework",
			);
			name = "[CP] Embed Pods Frameworks";
			outputPaths = (
				"${TARGET_BUILD_DIR}/${FRAMEWORKS_FOLDER_PATH}/ADUtils.framework",
				"${TARGET_BUILD_DIR}/${FRAMEWORKS_FOLDER_PATH}/Nimble.framework",
				"${TARGET_BUILD_DIR}/${FRAMEWORKS_FOLDER_PATH}/Nimble_Snapshots.framework",
				"${TARGET_BUILD_DIR}/${FRAMEWORKS_FOLDER_PATH}/OCMock.framework",
				"${TARGET_BUILD_DIR}/${FRAMEWORKS_FOLDER_PATH}/Quick.framework",
				"${TARGET_BUILD_DIR}/${FRAMEWORKS_FOLDER_PATH}/FBSnapshotTestCase.framework",
			);
			runOnlyForDeploymentPostprocessing = 0;
			shellPath = /bin/sh;
			shellScript = "\"${PODS_ROOT}/Target Support Files/Pods-ADUtilsTests/Pods-ADUtilsTests-frameworks.sh\"\n";
			showEnvVarsInLog = 0;
		};
		7A0EC66A1535D91400E5F54A /* Inject git informations in Info.plist */ = {
			isa = PBXShellScriptBuildPhase;
			buildActionMask = 2147483647;
			files = (
			);
			inputPaths = (
			);
			name = "Inject git informations in Info.plist";
			outputPaths = (
			);
			runOnlyForDeploymentPostprocessing = 0;
			shellPath = /bin/sh;
			shellScript = "GIT_COMMIT=`git rev-parse --short HEAD`\nGIT_BRANCH=`git symbolic-ref HEAD`\nGIT_STATUS=`git status --porcelain -z`\n/usr/libexec/PlistBuddy -c \"Delete :CFBundleGitCommit\" \"${BUILT_PRODUCTS_DIR}/${INFOPLIST_PATH}\" >/dev/null 2>&1\n/usr/libexec/PlistBuddy -c \"Delete :CFBundleGitBranch\" \"${BUILT_PRODUCTS_DIR}/${INFOPLIST_PATH}\" >/dev/null 2>&1\n/usr/libexec/PlistBuddy -c \"Delete :CFBundleGitStatus\" \"${BUILT_PRODUCTS_DIR}/${INFOPLIST_PATH}\" >/dev/null 2>&1\nif [ -n \"$GIT_COMMIT\" ]; then\n  /usr/libexec/PlistBuddy -c \"Add :CFBundleGitCommit string \\\"${GIT_COMMIT}\\\"\" \"${BUILT_PRODUCTS_DIR}/${INFOPLIST_PATH}\"\nfi\nif [ -n \"$GIT_BRANCH\" ]; then\n  /usr/libexec/PlistBuddy -c \"Add :CFBundleGitBranch string \\\"${GIT_BRANCH}\\\"\" \"${BUILT_PRODUCTS_DIR}/${INFOPLIST_PATH}\"\nfi\nif [ -n \"$GIT_STATUS\" ]; then\n  /usr/libexec/PlistBuddy -c \"Add :CFBundleGitStatus string \\\"${GIT_STATUS}\\\"\" \"${BUILT_PRODUCTS_DIR}/${INFOPLIST_PATH}\"\nfi";
			showEnvVarsInLog = 0;
		};
		A6A85E92266DAE1D134ACEEA /* [CP] Check Pods Manifest.lock */ = {
			isa = PBXShellScriptBuildPhase;
			buildActionMask = 2147483647;
			files = (
			);
			inputPaths = (
				"${PODS_PODFILE_DIR_PATH}/Podfile.lock",
				"${PODS_ROOT}/Manifest.lock",
			);
			name = "[CP] Check Pods Manifest.lock";
			outputPaths = (
				"$(DERIVED_FILE_DIR)/Pods-ADUtilsTests-checkManifestLockResult.txt",
			);
			runOnlyForDeploymentPostprocessing = 0;
			shellPath = /bin/sh;
			shellScript = "diff \"${PODS_PODFILE_DIR_PATH}/Podfile.lock\" \"${PODS_ROOT}/Manifest.lock\" > /dev/null\nif [ $? != 0 ] ; then\n    # print error to STDERR\n    echo \"error: The sandbox is not in sync with the Podfile.lock. Run 'pod install' or update your CocoaPods installation.\" >&2\n    exit 1\nfi\n# This output is used by Xcode 'outputs' to avoid re-running this script phase.\necho \"SUCCESS\" > \"${SCRIPT_OUTPUT_FILE_0}\"\n";
			showEnvVarsInLog = 0;
		};
		CECB1C1E7B071D6D281D3BC0 /* [CP] Check Pods Manifest.lock */ = {
			isa = PBXShellScriptBuildPhase;
			buildActionMask = 2147483647;
			files = (
			);
			inputPaths = (
				"${PODS_PODFILE_DIR_PATH}/Podfile.lock",
				"${PODS_ROOT}/Manifest.lock",
			);
			name = "[CP] Check Pods Manifest.lock";
			outputPaths = (
				"$(DERIVED_FILE_DIR)/Pods-ADUtilsApp-checkManifestLockResult.txt",
			);
			runOnlyForDeploymentPostprocessing = 0;
			shellPath = /bin/sh;
			shellScript = "diff \"${PODS_PODFILE_DIR_PATH}/Podfile.lock\" \"${PODS_ROOT}/Manifest.lock\" > /dev/null\nif [ $? != 0 ] ; then\n    # print error to STDERR\n    echo \"error: The sandbox is not in sync with the Podfile.lock. Run 'pod install' or update your CocoaPods installation.\" >&2\n    exit 1\nfi\n# This output is used by Xcode 'outputs' to avoid re-running this script phase.\necho \"SUCCESS\" > \"${SCRIPT_OUTPUT_FILE_0}\"\n";
			showEnvVarsInLog = 0;
		};
/* End PBXShellScriptBuildPhase section */

/* Begin PBXSourcesBuildPhase section */
		49B1F77A1CE4B3DB00A29BFE /* Sources */ = {
			isa = PBXSourcesBuildPhase;
			buildActionMask = 2147483647;
			files = (
				EC626C6B1FA06DB4001C332C /* DynamicFontTest.swift in Sources */,
				ECB627061DE33F2200951346 /* AttributedStringTest.swift in Sources */,
				49F0F21121625E7000FC8AA4 /* StringLocalizationTests.swift in Sources */,
				49F0F20F21621EB300FC8AA4 /* DeselectableViewTests.swift in Sources */,
				EC7953421ECB5C7B00404857 /* ViewLayoutTest.swift in Sources */,
				EC368BC41EDF13DA00661556 /* OptionalUnwrapTest.swift in Sources */,
				57397F7D24CAD105001C6F2E /* LocaleUserPreferredTimeFormatTests.swift in Sources */,
				E7F92DA81FFBD9B200A85AB4 /* GeometryUtilitiesTest.swift in Sources */,
				496EB3BD246003EA0011B4AD /* NavigationControllerPopCompletionTests.swift in Sources */,
				49D1F134216CCEF4009F87AB /* ADViewLayoutGuideTestsObjc.m in Sources */,
				49EE98A41DE6CAE100DE1CB8 /* RegisterableViewTest.swift in Sources */,
				0C8CFF10242B69BA0009FA88 /* AutoSizingCollectionView.swift in Sources */,
				ECB627021DE33C1100951346 /* ViewInsertionWithMarginTest.swift in Sources */,
				87BC46DD257E92FD008FB5A9 /* OptionalVerifyOrNilTests.swift in Sources */,
				495682D725DAD8EC00001624 /* UIImageColorTests.swift in Sources */,
				2A6E273122B2834500B31F40 /* MKMapViewDequeuingTest.swift in Sources */,
				49D1F132216C968E009F87AB /* ADViewLayoutTestsObjc.m in Sources */,
				49D85E021E1E6F5300233A3F /* PropertyListArchiverTest.swift in Sources */,
				E7D5F49D242DF0D90048C0DC /* UITableViewDefaultFooterCellsTests.swift in Sources */,
				49EE98A21DE5F2DC00DE1CB8 /* UIEdgeInsetsTest.swift in Sources */,
				E7D5F499242DEF120048C0DC /* UINavigationItemBackItemTests.swift in Sources */,
				E7D5F497242DED3C0048C0DC /* OptionalGetTests.swift in Sources */,
				ECB626FE1DE3344A00951346 /* NibLoaderTest.swift in Sources */,
				496EB3C1246008E80011B4AD /* UITableViewHeaderFooterViewLayoutTests.swift in Sources */,
				494C99852601FA5A00A1E098 /* StackViewBuilderTests.swift in Sources */,
				49CC380120C048F800CFEDDB /* ArrayFilterTests.swift in Sources */,
				4988CBBE215931B4003A3C08 /* OptionalStringIsBlankTests.swift in Sources */,
				87C139C32695EFBA00CEE5A1 /* PostInstallationKeychainCleanerTests.swift in Sources */,
				F2F326C12448431300BB5700 /* NSDirectionalEdgeInsetsTests.swift in Sources */,
				0C8CFF12242B6A510009FA88 /* SimpleAutoSizingCollectionView.swift in Sources */,
				49F0F20D2162095F00FC8AA4 /* SynchronizeTests.swift in Sources */,
				B0E1495F269444E600712620 /* SecureArchiverTests.swift in Sources */,
				92DA1F5F2257556800060A32 /* NSLayoutConstraintUtilsTests.swift in Sources */,
				ECB627001DE3395100951346 /* ChildInsertionTest.swift in Sources */,
				495682EF25DBA8F800001624 /* UIButtonBackgroundColorTests.swift in Sources */,
				92FAEA942271DF0D0090A2C7 /* FailableDecodableTests.swift in Sources */,
				49BA42C72167B8BE00578C48 /* LayoutGuideConstraintsTests.swift in Sources */,
				4AE8A6D323F563F300ABE095 /* DebouncedTests.swift in Sources */,
				E7D5F49B242DF01F0048C0DC /* UIScreenPixelDimensionTests.swift in Sources */,
				4988CBBA21592CAB003A3C08 /* SequenceGroupedByTests.swift in Sources */,
				491BC3C323C47D29001A3B82 /* StackViewUtilsTests.swift in Sources */,
				49CEC4A51EFA484900675EC4 /* NavigationControllerObserverTest.swift in Sources */,
				921907DF21F7AE4400EF2B67 /* ADLayoutGuideTestsObjc.m in Sources */,
			);
			runOnlyForDeploymentPostprocessing = 0;
		};
		7A0EC64B1535D8ED00E5F54A /* Sources */ = {
			isa = PBXSourcesBuildPhase;
			buildActionMask = 2147483647;
			files = (
				87F2D42121020D8E0004465B /* TestView.swift in Sources */,
				57E1CD491C884F8900A7DFFB /* AppDelegate.swift in Sources */,
				57E1CD281C884F1C00A7DFFB /* ViewController.swift in Sources */,
			);
			runOnlyForDeploymentPostprocessing = 0;
		};
/* End PBXSourcesBuildPhase section */

/* Begin PBXTargetDependency section */
		49B1F7841CE4B3DB00A29BFE /* PBXTargetDependency */ = {
			isa = PBXTargetDependency;
			target = 7A0EC64E1535D8ED00E5F54A /* ADUtilsApp */;
			targetProxy = 49B1F7831CE4B3DB00A29BFE /* PBXContainerItemProxy */;
		};
/* End PBXTargetDependency section */

/* Begin XCBuildConfiguration section */
		49B1F7851CE4B3DB00A29BFE /* Stubs */ = {
			isa = XCBuildConfiguration;
			baseConfigurationReference = 9C9220CDCE8C495437E023DB /* Pods-ADUtilsTests.stubs.xcconfig */;
			buildSettings = {
				BUNDLE_LOADER = "$(TEST_HOST)";
				CLANG_ANALYZER_NONNULL = YES;
				CLANG_CXX_LANGUAGE_STANDARD = "gnu++0x";
				CLANG_CXX_LIBRARY = "libc++";
				CLANG_ENABLE_OBJC_ARC = YES;
				CLANG_WARN_DIRECT_OBJC_ISA_USAGE = YES_ERROR;
				CLANG_WARN_OBJC_ROOT_CLASS = YES_ERROR;
				"CODE_SIGN_IDENTITY[sdk=iphoneos*]" = "iPhone Developer";
				COPY_PHASE_STRIP = NO;
				DEBUG_INFORMATION_FORMAT = dwarf;
				ENABLE_STRICT_OBJC_MSGSEND = YES;
				ENABLE_TESTABILITY = YES;
				GCC_WARN_ABOUT_RETURN_TYPE = YES_ERROR;
				GCC_WARN_UNINITIALIZED_AUTOS = YES_AGGRESSIVE;
				INFOPLIST_FILE = ADUtilsTests/Info.plist;
				LD_RUNPATH_SEARCH_PATHS = "$(inherited) @executable_path/Frameworks @loader_path/Frameworks";
				MTL_ENABLE_DEBUG_INFO = YES;
				ONLY_ACTIVE_ARCH = YES;
				PRODUCT_BUNDLE_IDENTIFIER = applidium.ADUtilsTests;
				PRODUCT_NAME = "$(TARGET_NAME)";
				PROVISIONING_PROFILE_SPECIFIER = "$(PROFILE_UUID_0)";
				SWIFT_OBJC_BRIDGING_HEADER = "ADUtilsTests/ADUtilsTests-Bridging-Header.h";
				SWIFT_OPTIMIZATION_LEVEL = "-Onone";
				TEST_HOST = "$(BUILT_PRODUCTS_DIR)/ADUtilsApp.app/ADUtilsApp";
			};
			name = Stubs;
		};
		49B1F7861CE4B3DB00A29BFE /* Preproduction */ = {
			isa = XCBuildConfiguration;
			baseConfigurationReference = F58BBA250BE675C419ED2946 /* Pods-ADUtilsTests.preproduction.xcconfig */;
			buildSettings = {
				BUNDLE_LOADER = "$(TEST_HOST)";
				CLANG_ANALYZER_NONNULL = YES;
				CLANG_CXX_LANGUAGE_STANDARD = "gnu++0x";
				CLANG_CXX_LIBRARY = "libc++";
				CLANG_ENABLE_OBJC_ARC = YES;
				CLANG_WARN_DIRECT_OBJC_ISA_USAGE = YES_ERROR;
				CLANG_WARN_OBJC_ROOT_CLASS = YES_ERROR;
				"CODE_SIGN_IDENTITY[sdk=iphoneos*]" = "iPhone Developer";
				COPY_PHASE_STRIP = NO;
				DEBUG_INFORMATION_FORMAT = "dwarf-with-dsym";
				ENABLE_NS_ASSERTIONS = NO;
				ENABLE_STRICT_OBJC_MSGSEND = YES;
				GCC_WARN_ABOUT_RETURN_TYPE = YES_ERROR;
				GCC_WARN_UNINITIALIZED_AUTOS = YES_AGGRESSIVE;
				INFOPLIST_FILE = ADUtilsTests/Info.plist;
				LD_RUNPATH_SEARCH_PATHS = "$(inherited) @executable_path/Frameworks @loader_path/Frameworks";
				MTL_ENABLE_DEBUG_INFO = NO;
				ONLY_ACTIVE_ARCH = YES;
				PRODUCT_BUNDLE_IDENTIFIER = applidium.ADUtilsTests;
				PRODUCT_NAME = "$(TARGET_NAME)";
				PROVISIONING_PROFILE_SPECIFIER = "$(PROFILE_UUID_0)";
				SWIFT_OBJC_BRIDGING_HEADER = "ADUtilsTests/ADUtilsTests-Bridging-Header.h";
				SWIFT_OPTIMIZATION_LEVEL = "-Onone";
				TEST_HOST = "$(BUILT_PRODUCTS_DIR)/ADUtilsApp.app/ADUtilsApp";
			};
			name = Preproduction;
		};
		49B1F7871CE4B3DB00A29BFE /* Production */ = {
			isa = XCBuildConfiguration;
			baseConfigurationReference = 32D3D6308F00B6B8059A24E8 /* Pods-ADUtilsTests.production.xcconfig */;
			buildSettings = {
				BUNDLE_LOADER = "$(TEST_HOST)";
				CLANG_ANALYZER_NONNULL = YES;
				CLANG_CXX_LANGUAGE_STANDARD = "gnu++0x";
				CLANG_CXX_LIBRARY = "libc++";
				CLANG_ENABLE_OBJC_ARC = YES;
				CLANG_WARN_DIRECT_OBJC_ISA_USAGE = YES_ERROR;
				CLANG_WARN_OBJC_ROOT_CLASS = YES_ERROR;
				"CODE_SIGN_IDENTITY[sdk=iphoneos*]" = "iPhone Developer";
				COPY_PHASE_STRIP = NO;
				DEBUG_INFORMATION_FORMAT = "dwarf-with-dsym";
				ENABLE_NS_ASSERTIONS = NO;
				ENABLE_STRICT_OBJC_MSGSEND = YES;
				GCC_WARN_ABOUT_RETURN_TYPE = YES_ERROR;
				GCC_WARN_UNINITIALIZED_AUTOS = YES_AGGRESSIVE;
				INFOPLIST_FILE = ADUtilsTests/Info.plist;
				LD_RUNPATH_SEARCH_PATHS = "$(inherited) @executable_path/Frameworks @loader_path/Frameworks";
				MTL_ENABLE_DEBUG_INFO = NO;
				ONLY_ACTIVE_ARCH = YES;
				PRODUCT_BUNDLE_IDENTIFIER = applidium.ADUtilsTests;
				PRODUCT_NAME = "$(TARGET_NAME)";
				PROVISIONING_PROFILE_SPECIFIER = "$(PROFILE_UUID_0)";
				SWIFT_OBJC_BRIDGING_HEADER = "ADUtilsTests/ADUtilsTests-Bridging-Header.h";
				SWIFT_OPTIMIZATION_LEVEL = "-Onone";
				TEST_HOST = "$(BUILT_PRODUCTS_DIR)/ADUtilsApp.app/ADUtilsApp";
			};
			name = Production;
		};
		49B1F7881CE4B3DB00A29BFE /* Distribution */ = {
			isa = XCBuildConfiguration;
			baseConfigurationReference = 4131DA2D9333046F6E9F313E /* Pods-ADUtilsTests.distribution.xcconfig */;
			buildSettings = {
				BUNDLE_LOADER = "$(TEST_HOST)";
				CLANG_ANALYZER_NONNULL = YES;
				CLANG_CXX_LANGUAGE_STANDARD = "gnu++0x";
				CLANG_CXX_LIBRARY = "libc++";
				CLANG_ENABLE_OBJC_ARC = YES;
				CLANG_WARN_DIRECT_OBJC_ISA_USAGE = YES_ERROR;
				CLANG_WARN_OBJC_ROOT_CLASS = YES_ERROR;
				"CODE_SIGN_IDENTITY[sdk=iphoneos*]" = "iPhone Developer";
				COPY_PHASE_STRIP = NO;
				DEBUG_INFORMATION_FORMAT = "dwarf-with-dsym";
				ENABLE_NS_ASSERTIONS = NO;
				ENABLE_STRICT_OBJC_MSGSEND = YES;
				GCC_WARN_ABOUT_RETURN_TYPE = YES_ERROR;
				GCC_WARN_UNINITIALIZED_AUTOS = YES_AGGRESSIVE;
				INFOPLIST_FILE = ADUtilsTests/Info.plist;
				LD_RUNPATH_SEARCH_PATHS = "$(inherited) @executable_path/Frameworks @loader_path/Frameworks";
				MTL_ENABLE_DEBUG_INFO = NO;
				ONLY_ACTIVE_ARCH = YES;
				PRODUCT_BUNDLE_IDENTIFIER = applidium.ADUtilsTests;
				PRODUCT_NAME = "$(TARGET_NAME)";
				PROVISIONING_PROFILE_SPECIFIER = "$(PROFILE_UUID_0)";
				SWIFT_OBJC_BRIDGING_HEADER = "ADUtilsTests/ADUtilsTests-Bridging-Header.h";
				TEST_HOST = "$(BUILT_PRODUCTS_DIR)/ADUtilsApp.app/ADUtilsApp";
			};
			name = Distribution;
		};
		7A0EC6651535D8ED00E5F54A /* Stubs */ = {
			isa = XCBuildConfiguration;
			buildSettings = {
				ALWAYS_SEARCH_USER_PATHS = NO;
				CLANG_ALLOW_NON_MODULAR_INCLUDES_IN_FRAMEWORK_MODULES = YES;
				CLANG_ANALYZER_LOCALIZABILITY_NONLOCALIZED = YES;
				CLANG_ENABLE_MODULES = YES;
				CLANG_WARN_BLOCK_CAPTURE_AUTORELEASING = YES;
				CLANG_WARN_BOOL_CONVERSION = YES;
				CLANG_WARN_COMMA = YES;
				CLANG_WARN_CONSTANT_CONVERSION = YES;
				CLANG_WARN_DEPRECATED_OBJC_IMPLEMENTATIONS = YES;
				CLANG_WARN_EMPTY_BODY = YES;
				CLANG_WARN_ENUM_CONVERSION = YES;
				CLANG_WARN_INFINITE_RECURSION = YES;
				CLANG_WARN_INT_CONVERSION = YES;
				CLANG_WARN_NON_LITERAL_NULL_CONVERSION = YES;
				CLANG_WARN_OBJC_IMPLICIT_RETAIN_SELF = YES;
				CLANG_WARN_OBJC_LITERAL_CONVERSION = YES;
				CLANG_WARN_RANGE_LOOP_ANALYSIS = YES;
				CLANG_WARN_STRICT_PROTOTYPES = YES;
				CLANG_WARN_SUSPICIOUS_MOVE = YES;
				CLANG_WARN_UNREACHABLE_CODE = YES;
				CLANG_WARN__DUPLICATE_METHOD_MATCH = YES;
				COPY_PHASE_STRIP = NO;
				CURRENT_PROJECT_VERSION = 1;
				ENABLE_STRICT_OBJC_MSGSEND = YES;
				GCC_C_LANGUAGE_STANDARD = gnu99;
				GCC_DYNAMIC_NO_PIC = NO;
				GCC_NO_COMMON_BLOCKS = YES;
				GCC_OPTIMIZATION_LEVEL = 0;
				GCC_PREPROCESSOR_DEFINITIONS = (
					"CONFIGURATION=$(CONFIGURATION)",
					"$(inherited)",
					"DEBUG=1",
				);
				GCC_SYMBOLS_PRIVATE_EXTERN = NO;
				GCC_VERSION = com.apple.compilers.llvm.clang.1_0;
				GCC_WARN_64_TO_32_BIT_CONVERSION = YES;
				GCC_WARN_ABOUT_RETURN_TYPE = YES;
				GCC_WARN_UNDECLARED_SELECTOR = YES;
				GCC_WARN_UNINITIALIZED_AUTOS = YES;
				GCC_WARN_UNUSED_FUNCTION = YES;
				GCC_WARN_UNUSED_VARIABLE = YES;
				IPHONEOS_DEPLOYMENT_TARGET = 10.0;
				PROVISIONING_PROFILE_SPECIFIER = "$(PROFILE_UDID)";
				SDKROOT = iphoneos;
				SWIFT_VERSION = 5.0;
				VERSIONING_SYSTEM = "apple-generic";
			};
			name = Stubs;
		};
		7A0EC6681535D8ED00E5F54A /* Stubs */ = {
			isa = XCBuildConfiguration;
			baseConfigurationReference = 836A694BE9CF460F6BF35DC5 /* Pods-ADUtilsApp.stubs.xcconfig */;
			buildSettings = {
				ASSETCATALOG_COMPILER_APPICON_NAME = AppIcon;
				CLANG_ENABLE_MODULES = YES;
				CLANG_ENABLE_OBJC_ARC = YES;
				"CODE_SIGN_IDENTITY[sdk=iphoneos*]" = "iPhone Developer";
				DEVELOPMENT_TEAM = U5M7X5V6ZG;
				ENABLE_TESTABILITY = YES;
				GCC_PRECOMPILE_PREFIX_HEADER = YES;
				GCC_PREFIX_HEADER = "ADUtils-Prefix.pch";
				INFOPLIST_FILE = "Configuration/ADUtils/ADUtils-Info.plist";
				LD_RUNPATH_SEARCH_PATHS = "$(inherited) @executable_path/Frameworks";
				PRODUCT_BUNDLE_IDENTIFIER = com.applidium.ADUtils;
				PRODUCT_MODULE_NAME = "$(TARGET_NAME)";
				PRODUCT_NAME = "$(TARGET_NAME)";
				PROVISIONING_PROFILE_SPECIFIER = "$(PROFILE_UUID_0)";
				SWIFT_OBJC_BRIDGING_HEADER = "Classes/ADUtils-Bridging-Header.h";
				SWIFT_OPTIMIZATION_LEVEL = "-Onone";
				WRAPPER_EXTENSION = app;
			};
			name = Stubs;
		};
		7A6BEEF71536FE3D0075E2A7 /* Distribution */ = {
			isa = XCBuildConfiguration;
			buildSettings = {
				ALWAYS_SEARCH_USER_PATHS = NO;
				CLANG_ALLOW_NON_MODULAR_INCLUDES_IN_FRAMEWORK_MODULES = YES;
				CLANG_ANALYZER_LOCALIZABILITY_NONLOCALIZED = YES;
				CLANG_ENABLE_MODULES = YES;
				CLANG_WARN_BLOCK_CAPTURE_AUTORELEASING = YES;
				CLANG_WARN_BOOL_CONVERSION = YES;
				CLANG_WARN_COMMA = YES;
				CLANG_WARN_CONSTANT_CONVERSION = YES;
				CLANG_WARN_DEPRECATED_OBJC_IMPLEMENTATIONS = YES;
				CLANG_WARN_EMPTY_BODY = YES;
				CLANG_WARN_ENUM_CONVERSION = YES;
				CLANG_WARN_INFINITE_RECURSION = YES;
				CLANG_WARN_INT_CONVERSION = YES;
				CLANG_WARN_NON_LITERAL_NULL_CONVERSION = YES;
				CLANG_WARN_OBJC_IMPLICIT_RETAIN_SELF = YES;
				CLANG_WARN_OBJC_LITERAL_CONVERSION = YES;
				CLANG_WARN_RANGE_LOOP_ANALYSIS = YES;
				CLANG_WARN_STRICT_PROTOTYPES = YES;
				CLANG_WARN_SUSPICIOUS_MOVE = YES;
				CLANG_WARN_UNREACHABLE_CODE = YES;
				CLANG_WARN__DUPLICATE_METHOD_MATCH = YES;
				COPY_PHASE_STRIP = YES;
				CURRENT_PROJECT_VERSION = 1;
				ENABLE_STRICT_OBJC_MSGSEND = YES;
				GCC_C_LANGUAGE_STANDARD = gnu99;
				GCC_NO_COMMON_BLOCKS = YES;
				GCC_PREPROCESSOR_DEFINITIONS = (
					"CONFIGURATION=$(CONFIGURATION)",
					"$(inherited)",
				);
				GCC_VERSION = com.apple.compilers.llvm.clang.1_0;
				GCC_WARN_64_TO_32_BIT_CONVERSION = YES;
				GCC_WARN_ABOUT_RETURN_TYPE = YES;
				GCC_WARN_UNDECLARED_SELECTOR = YES;
				GCC_WARN_UNINITIALIZED_AUTOS = YES;
				GCC_WARN_UNUSED_FUNCTION = YES;
				GCC_WARN_UNUSED_VARIABLE = YES;
				IPHONEOS_DEPLOYMENT_TARGET = 10.0;
				OTHER_CFLAGS = "-DNS_BLOCK_ASSERTIONS=1";
				PROVISIONING_PROFILE_SPECIFIER = "$(PROFILE_UDID)";
				SDKROOT = iphoneos;
				SWIFT_VERSION = 5.0;
				VALIDATE_PRODUCT = YES;
				VERSIONING_SYSTEM = "apple-generic";
			};
			name = Distribution;
		};
		7A6BEEF81536FE3D0075E2A7 /* Distribution */ = {
			isa = XCBuildConfiguration;
			baseConfigurationReference = 4C8B60A08D066BFD9DDA1251 /* Pods-ADUtilsApp.distribution.xcconfig */;
			buildSettings = {
				ASSETCATALOG_COMPILER_APPICON_NAME = AppIcon;
				CLANG_ENABLE_MODULES = YES;
				CLANG_ENABLE_OBJC_ARC = YES;
				"CODE_SIGN_IDENTITY[sdk=iphoneos*]" = "iPhone Developer";
				DEVELOPMENT_TEAM = U5M7X5V6ZG;
				ENABLE_TESTABILITY = YES;
				GCC_PRECOMPILE_PREFIX_HEADER = YES;
				GCC_PREFIX_HEADER = "ADUtils-Prefix.pch";
				INFOPLIST_FILE = "Configuration/ADUtils/ADUtils-Info.plist";
				LD_RUNPATH_SEARCH_PATHS = "$(inherited) @executable_path/Frameworks";
				PRODUCT_BUNDLE_IDENTIFIER = com.applidium.ADUtils;
				PRODUCT_MODULE_NAME = "$(TARGET_NAME)";
				PRODUCT_NAME = "$(TARGET_NAME)";
				PROVISIONING_PROFILE_SPECIFIER = "$(PROFILE_UUID_0)";
				SWIFT_OBJC_BRIDGING_HEADER = "Classes/ADUtils-Bridging-Header.h";
				WRAPPER_EXTENSION = app;
			};
			name = Distribution;
		};
		F88C93CE1A66D9D8009EB642 /* Preproduction */ = {
			isa = XCBuildConfiguration;
			buildSettings = {
				ALWAYS_SEARCH_USER_PATHS = NO;
				CLANG_ALLOW_NON_MODULAR_INCLUDES_IN_FRAMEWORK_MODULES = YES;
				CLANG_ANALYZER_LOCALIZABILITY_NONLOCALIZED = YES;
				CLANG_ENABLE_MODULES = YES;
				CLANG_WARN_BLOCK_CAPTURE_AUTORELEASING = YES;
				CLANG_WARN_BOOL_CONVERSION = YES;
				CLANG_WARN_COMMA = YES;
				CLANG_WARN_CONSTANT_CONVERSION = YES;
				CLANG_WARN_DEPRECATED_OBJC_IMPLEMENTATIONS = YES;
				CLANG_WARN_EMPTY_BODY = YES;
				CLANG_WARN_ENUM_CONVERSION = YES;
				CLANG_WARN_INFINITE_RECURSION = YES;
				CLANG_WARN_INT_CONVERSION = YES;
				CLANG_WARN_NON_LITERAL_NULL_CONVERSION = YES;
				CLANG_WARN_OBJC_IMPLICIT_RETAIN_SELF = YES;
				CLANG_WARN_OBJC_LITERAL_CONVERSION = YES;
				CLANG_WARN_RANGE_LOOP_ANALYSIS = YES;
				CLANG_WARN_STRICT_PROTOTYPES = YES;
				CLANG_WARN_SUSPICIOUS_MOVE = YES;
				CLANG_WARN_UNREACHABLE_CODE = YES;
				CLANG_WARN__DUPLICATE_METHOD_MATCH = YES;
				COPY_PHASE_STRIP = NO;
				CURRENT_PROJECT_VERSION = 1;
				ENABLE_STRICT_OBJC_MSGSEND = YES;
				GCC_C_LANGUAGE_STANDARD = gnu99;
				GCC_DYNAMIC_NO_PIC = NO;
				GCC_NO_COMMON_BLOCKS = YES;
				GCC_OPTIMIZATION_LEVEL = 0;
				GCC_PREPROCESSOR_DEFINITIONS = (
					"CONFIGURATION=$(CONFIGURATION)",
					"$(inherited)",
				);
				GCC_SYMBOLS_PRIVATE_EXTERN = NO;
				GCC_VERSION = com.apple.compilers.llvm.clang.1_0;
				GCC_WARN_64_TO_32_BIT_CONVERSION = YES;
				GCC_WARN_ABOUT_RETURN_TYPE = YES;
				GCC_WARN_UNDECLARED_SELECTOR = YES;
				GCC_WARN_UNINITIALIZED_AUTOS = YES;
				GCC_WARN_UNUSED_FUNCTION = YES;
				GCC_WARN_UNUSED_VARIABLE = YES;
				IPHONEOS_DEPLOYMENT_TARGET = 10.0;
				PROVISIONING_PROFILE_SPECIFIER = "$(PROFILE_UDID)";
				SDKROOT = iphoneos;
				SWIFT_VERSION = 5.0;
				VERSIONING_SYSTEM = "apple-generic";
			};
			name = Preproduction;
		};
		F88C93CF1A66D9D8009EB642 /* Preproduction */ = {
			isa = XCBuildConfiguration;
			baseConfigurationReference = 0DA2083431F4C16E69ED219E /* Pods-ADUtilsApp.preproduction.xcconfig */;
			buildSettings = {
				ASSETCATALOG_COMPILER_APPICON_NAME = AppIcon;
				CLANG_ENABLE_MODULES = YES;
				CLANG_ENABLE_OBJC_ARC = YES;
				"CODE_SIGN_IDENTITY[sdk=iphoneos*]" = "iPhone Developer";
				DEVELOPMENT_TEAM = U5M7X5V6ZG;
				ENABLE_TESTABILITY = YES;
				GCC_PRECOMPILE_PREFIX_HEADER = YES;
				GCC_PREFIX_HEADER = "ADUtils-Prefix.pch";
				INFOPLIST_FILE = "Configuration/ADUtils/ADUtils-Info.plist";
				LD_RUNPATH_SEARCH_PATHS = "$(inherited) @executable_path/Frameworks";
				PRODUCT_BUNDLE_IDENTIFIER = com.applidium.ADUtils;
				PRODUCT_MODULE_NAME = "$(TARGET_NAME)";
				PRODUCT_NAME = "$(TARGET_NAME)";
				PROVISIONING_PROFILE_SPECIFIER = "$(PROFILE_UUID_0)";
				SWIFT_OBJC_BRIDGING_HEADER = "Classes/ADUtils-Bridging-Header.h";
				SWIFT_OPTIMIZATION_LEVEL = "-Onone";
				WRAPPER_EXTENSION = app;
			};
			name = Preproduction;
		};
		F88C93D01A66DA0D009EB642 /* Production */ = {
			isa = XCBuildConfiguration;
			buildSettings = {
				ALWAYS_SEARCH_USER_PATHS = NO;
				CLANG_ALLOW_NON_MODULAR_INCLUDES_IN_FRAMEWORK_MODULES = YES;
				CLANG_ANALYZER_LOCALIZABILITY_NONLOCALIZED = YES;
				CLANG_ENABLE_MODULES = YES;
				CLANG_WARN_BLOCK_CAPTURE_AUTORELEASING = YES;
				CLANG_WARN_BOOL_CONVERSION = YES;
				CLANG_WARN_COMMA = YES;
				CLANG_WARN_CONSTANT_CONVERSION = YES;
				CLANG_WARN_DEPRECATED_OBJC_IMPLEMENTATIONS = YES;
				CLANG_WARN_EMPTY_BODY = YES;
				CLANG_WARN_ENUM_CONVERSION = YES;
				CLANG_WARN_INFINITE_RECURSION = YES;
				CLANG_WARN_INT_CONVERSION = YES;
				CLANG_WARN_NON_LITERAL_NULL_CONVERSION = YES;
				CLANG_WARN_OBJC_IMPLICIT_RETAIN_SELF = YES;
				CLANG_WARN_OBJC_LITERAL_CONVERSION = YES;
				CLANG_WARN_RANGE_LOOP_ANALYSIS = YES;
				CLANG_WARN_STRICT_PROTOTYPES = YES;
				CLANG_WARN_SUSPICIOUS_MOVE = YES;
				CLANG_WARN_UNREACHABLE_CODE = YES;
				CLANG_WARN__DUPLICATE_METHOD_MATCH = YES;
				COPY_PHASE_STRIP = NO;
				CURRENT_PROJECT_VERSION = 1;
				ENABLE_STRICT_OBJC_MSGSEND = YES;
				GCC_C_LANGUAGE_STANDARD = gnu99;
				GCC_DYNAMIC_NO_PIC = NO;
				GCC_NO_COMMON_BLOCKS = YES;
				GCC_OPTIMIZATION_LEVEL = 0;
				GCC_PREPROCESSOR_DEFINITIONS = (
					"CONFIGURATION=$(CONFIGURATION)",
					"$(inherited)",
				);
				GCC_SYMBOLS_PRIVATE_EXTERN = NO;
				GCC_VERSION = com.apple.compilers.llvm.clang.1_0;
				GCC_WARN_64_TO_32_BIT_CONVERSION = YES;
				GCC_WARN_ABOUT_RETURN_TYPE = YES;
				GCC_WARN_UNDECLARED_SELECTOR = YES;
				GCC_WARN_UNINITIALIZED_AUTOS = YES;
				GCC_WARN_UNUSED_FUNCTION = YES;
				GCC_WARN_UNUSED_VARIABLE = YES;
				IPHONEOS_DEPLOYMENT_TARGET = 10.0;
				PROVISIONING_PROFILE_SPECIFIER = "$(PROFILE_UDID)";
				SDKROOT = iphoneos;
				SWIFT_VERSION = 5.0;
				VERSIONING_SYSTEM = "apple-generic";
			};
			name = Production;
		};
		F88C93D11A66DA0D009EB642 /* Production */ = {
			isa = XCBuildConfiguration;
			baseConfigurationReference = 5DE795FD4906461A70860D2B /* Pods-ADUtilsApp.production.xcconfig */;
			buildSettings = {
				ASSETCATALOG_COMPILER_APPICON_NAME = AppIcon;
				CLANG_ENABLE_MODULES = YES;
				CLANG_ENABLE_OBJC_ARC = YES;
				"CODE_SIGN_IDENTITY[sdk=iphoneos*]" = "iPhone Developer";
				DEVELOPMENT_TEAM = U5M7X5V6ZG;
				ENABLE_TESTABILITY = YES;
				GCC_PRECOMPILE_PREFIX_HEADER = YES;
				GCC_PREFIX_HEADER = "ADUtils-Prefix.pch";
				INFOPLIST_FILE = "Configuration/ADUtils/ADUtils-Info.plist";
				LD_RUNPATH_SEARCH_PATHS = "$(inherited) @executable_path/Frameworks";
				PRODUCT_BUNDLE_IDENTIFIER = com.applidium.ADUtils;
				PRODUCT_MODULE_NAME = "$(TARGET_NAME)";
				PRODUCT_NAME = "$(TARGET_NAME)";
				PROVISIONING_PROFILE_SPECIFIER = "$(PROFILE_UUID_0)";
				SWIFT_OBJC_BRIDGING_HEADER = "Classes/ADUtils-Bridging-Header.h";
				SWIFT_OPTIMIZATION_LEVEL = "-Onone";
				WRAPPER_EXTENSION = app;
			};
			name = Production;
		};
/* End XCBuildConfiguration section */

/* Begin XCConfigurationList section */
		49B1F7891CE4B3DB00A29BFE /* Build configuration list for PBXNativeTarget "ADUtilsTests" */ = {
			isa = XCConfigurationList;
			buildConfigurations = (
				49B1F7851CE4B3DB00A29BFE /* Stubs */,
				49B1F7861CE4B3DB00A29BFE /* Preproduction */,
				49B1F7871CE4B3DB00A29BFE /* Production */,
				49B1F7881CE4B3DB00A29BFE /* Distribution */,
			);
			defaultConfigurationIsVisible = 0;
			defaultConfigurationName = Distribution;
		};
		7A0EC6491535D8ED00E5F54A /* Build configuration list for PBXProject "ADUtils" */ = {
			isa = XCConfigurationList;
			buildConfigurations = (
				7A0EC6651535D8ED00E5F54A /* Stubs */,
				F88C93CE1A66D9D8009EB642 /* Preproduction */,
				F88C93D01A66DA0D009EB642 /* Production */,
				7A6BEEF71536FE3D0075E2A7 /* Distribution */,
			);
			defaultConfigurationIsVisible = 0;
			defaultConfigurationName = Distribution;
		};
		7A0EC6671535D8ED00E5F54A /* Build configuration list for PBXNativeTarget "ADUtilsApp" */ = {
			isa = XCConfigurationList;
			buildConfigurations = (
				7A0EC6681535D8ED00E5F54A /* Stubs */,
				F88C93CF1A66D9D8009EB642 /* Preproduction */,
				F88C93D11A66DA0D009EB642 /* Production */,
				7A6BEEF81536FE3D0075E2A7 /* Distribution */,
			);
			defaultConfigurationIsVisible = 0;
			defaultConfigurationName = Distribution;
		};
/* End XCConfigurationList section */
	};
	rootObject = 7A0EC6461535D8ED00E5F54A /* Project object */;
}
